// !$*UTF8*$!
{
	archiveVersion = 1;
	classes = {
	};
	objectVersion = 56;
	objects = {

/* Begin PBXBuildFile section */
		7167972C7C9984C54E465C1A /* ARKitBridge.swift in Sources */ = {isa = PBXBuildFile; fileRef = 4E51B1F3267B6C7DFC598B19 /* ARKitBridge.swift */; };
		D67D0B6479EC86FAEBD1E84D /* ARRobotSceneView.swift in Sources */ = {isa = PBXBuildFile; fileRef = 908FF1D0704325FE00E7B7DA /* ARRobotSceneView.swift */; };
		069B358974CDE8F668864A3C /* ARSessionController.swift in Sources */ = {isa = PBXBuildFile; fileRef = B3BF1BBB19B86E0F6B8A2CAE /* ARSessionController.swift */; };
		EFC30BF8F03C0A4D08CCC6F7 /* AlignmentController.swift in Sources */ = {isa = PBXBuildFile; fileRef = CB7DA95DA9663FF2AA0226CB /* AlignmentController.swift */; };
		B3E5294C595AA686F35D25C9 /* RobotSceneNodes.swift in Sources */ = {isa = PBXBuildFile; fileRef = D1625FBC85F54D95E95F1906 /* RobotSceneNodes.swift */; };
		605609CF399D5ED70F7BF46D /* AppModel.swift in Sources */ = {isa = PBXBuildFile; fileRef = C4001C34CC6276A6628CCF14 /* AppModel.swift */; };
		FC30B85B17CA68D626E0B566 /* InitiatorDroneApp.swift in Sources */ = {isa = PBXBuildFile; fileRef = FFF844C693F9940A0405C3B9 /* InitiatorDroneApp.swift */; };
		0BC7C0B2077237D55D7C4AB9 /* ClockOffsetEstimator.swift in Sources */ = {isa = PBXBuildFile; fileRef = C80BC4F7276FC4C542466C3A /* ClockOffsetEstimator.swift */; };
		44FBFD8E6EC68FB8CB2D29EE /* FrameConversion.swift in Sources */ = {isa = PBXBuildFile; fileRef = 2D500D96E8F11D6013910EC7 /* FrameConversion.swift */; };
		AA0E3F9FEE8AEFB814F85DA0 /* OdometryBuffer.swift in Sources */ = {isa = PBXBuildFile; fileRef = 5DBAE1A2533294A56A09DB86 /* OdometryBuffer.swift */; };
		21B72F1AE5F61D03E1626BBA /* OdometrySampler.swift in Sources */ = {isa = PBXBuildFile; fileRef = C9A5566E84D706D4D80AD92E /* OdometrySampler.swift */; };
		4EE97BF2830DCB5F6C1A2B0E /* Pose.swift in Sources */ = {isa = PBXBuildFile; fileRef = 10E14CEBC453994169C968FB /* Pose.swift */; };
		ACF0A91F308956E2FDC97F63 /* Quaternion.swift in Sources */ = {isa = PBXBuildFile; fileRef = F36F4F8CE688112161037174 /* Quaternion.swift */; };
		2FBDA470C971A3AD382D2044 /* Vector3.swift in Sources */ = {isa = PBXBuildFile; fileRef = 472E64F7F4D596801DBF4426 /* Vector3.swift */; };
		6EA1D40D5120B7D49EA495AB /* ColorRamp.swift in Sources */ = {isa = PBXBuildFile; fileRef = 9328D017B51F267DAA6488AE /* ColorRamp.swift */; };
		19C5672EB63529EEA2AD7F38 /* ROSImage.swift in Sources */ = {isa = PBXBuildFile; fileRef = 6BCAF5158579697330EA0203 /* ROSImage.swift */; };
		45582D34BE96858924934315 /* ROSImageDecoder.swift in Sources */ = {isa = PBXBuildFile; fileRef = B1521F35B48F5361E632A5F1 /* ROSImageDecoder.swift */; };
		0FDDDBB195C71EFFF1BE40A8 /* ScalarImageRenderer.swift in Sources */ = {isa = PBXBuildFile; fileRef = B30A4C0C92B057E8E317C36B /* ScalarImageRenderer.swift */; };
		D92C1528AD1313F33CDB7B7F /* RobotEndpoint.swift in Sources */ = {isa = PBXBuildFile; fileRef = 6B6828045A0FFBDEA4DFEE48 /* RobotEndpoint.swift */; };
		1E2710F60C2CEAA1F821405D /* RobotTrackingStatus.swift in Sources */ = {isa = PBXBuildFile; fileRef = 66C96DF04A0A59DCB2C69AB9 /* RobotTrackingStatus.swift */; };
		4704D46B7DFFB413526443EA /* VIONodeStatus.swift in Sources */ = {isa = PBXBuildFile; fileRef = 4A8C0DA10E77BE6CE345D9A5 /* VIONodeStatus.swift */; };
		D144D80AE7117633CFEB3011 /* VideoFormatSelection.swift in Sources */ = {isa = PBXBuildFile; fileRef = 67968D3B97AF2D7A1382038E /* VideoFormatSelection.swift */; };
		60468175B3F1E570CCD00415 /* CBORDecoder.swift in Sources */ = {isa = PBXBuildFile; fileRef = CCA605B62A066F52D1E130A1 /* CBORDecoder.swift */; };
		FFC6145F1AACA5ED7BE5A63F /* LatestOnlySlot.swift in Sources */ = {isa = PBXBuildFile; fileRef = 40D3B2B19A73A768D4785B2B /* LatestOnlySlot.swift */; };
		383C4A0FE956D3CCB2C01880 /* ROSMessages.swift in Sources */ = {isa = PBXBuildFile; fileRef = 119B7854C04DEA1CA7C88DFF /* ROSMessages.swift */; };
		01088832A41F8AE6A1760A75 /* ROSValue.swift in Sources */ = {isa = PBXBuildFile; fileRef = FF35BB2EAF603E0C80E99C19 /* ROSValue.swift */; };
		30AA873C02068D3207741225 /* RateTracker.swift in Sources */ = {isa = PBXBuildFile; fileRef = 6C3337BFA88753C6BC837431 /* RateTracker.swift */; };
		2700880B4C81FC6002778A89 /* ReconnectPolicy.swift in Sources */ = {isa = PBXBuildFile; fileRef = 8E690B3647864131CC429500 /* ReconnectPolicy.swift */; };
		9819C84E245580D200A6C1E1 /* RosbridgeClient.swift in Sources */ = {isa = PBXBuildFile; fileRef = D6AD33640B8B1296F5C32B48 /* RosbridgeClient.swift */; };
		6E86FE294AD53B956D37703D /* RosbridgeProtocol.swift in Sources */ = {isa = PBXBuildFile; fileRef = 647636F53F8D0041BDE5C8AF /* RosbridgeProtocol.swift */; };
		32D18A07F0E90D4682DB148A /* RosbridgeTransport.swift in Sources */ = {isa = PBXBuildFile; fileRef = 6CF935BE56DAB5C2AF7B3150 /* RosbridgeTransport.swift */; };
		E4386DE80A9AC9686504708C /* FixtureLibrary.swift in Sources */ = {isa = PBXBuildFile; fileRef = E3A4194C09B5D0C9485B9068 /* FixtureLibrary.swift */; };
		9E7D7FE8C47814F503A4D818 /* SimulatedRosbridgeTransport.swift in Sources */ = {isa = PBXBuildFile; fileRef = FCC3A4AC84148C5DED80D125 /* SimulatedRosbridgeTransport.swift */; };
		501A35BCA7DF76BAB59BE43E /* AppSettings.swift in Sources */ = {isa = PBXBuildFile; fileRef = D47A0921343D25B6FA04889F /* AppSettings.swift */; };
		FA0D687596F80899D74BF279 /* DashboardAPI.swift in Sources */ = {isa = PBXBuildFile; fileRef = F732C26088E247D0B8EB2D69 /* DashboardAPI.swift */; };
		E4D551E38AA1FDE9ABEC8169 /* ImageStreamPipeline.swift in Sources */ = {isa = PBXBuildFile; fileRef = 696A73B72A4E987ACA3DCE57 /* ImageStreamPipeline.swift */; };
		D11AD512DA491635765D64DC /* RobotConnection.swift in Sources */ = {isa = PBXBuildFile; fileRef = 9A79510855B958005F5C012E /* RobotConnection.swift */; };
		984DA6D15426DAA90610C0D8 /* RobotStore.swift in Sources */ = {isa = PBXBuildFile; fileRef = 5A0E23884C63DC2024D64122 /* RobotStore.swift */; };
		510CF07940C23AF2F14FD3FF /* AlignmentSheet.swift in Sources */ = {isa = PBXBuildFile; fileRef = AE4AC066F0BF4D8D7ACDC632 /* AlignmentSheet.swift */; };
		E02E0EC1C4EA7BD3E6EA9DAF /* ConnectionView.swift in Sources */ = {isa = PBXBuildFile; fileRef = AB66A85768D0E5F63D59A656 /* ConnectionView.swift */; };
		39371D8E22764CB9DD347D32 /* DiagnosticsView.swift in Sources */ = {isa = PBXBuildFile; fileRef = EBAEC5A4DDD6EF8F8CA18939 /* DiagnosticsView.swift */; };
		EB0AA26F906FD9F2CFFBFF81 /* LiveView.swift in Sources */ = {isa = PBXBuildFile; fileRef = 3559254F5CCEEDCF3B35A71F /* LiveView.swift */; };
		2514ACD69995FB0C205AA6E2 /* RootView.swift in Sources */ = {isa = PBXBuildFile; fileRef = BBD1CAEBF7CB571387FF0B1D /* RootView.swift */; };
		3CFFC1DB494C25D2B8A266D8 /* SettingsView.swift in Sources */ = {isa = PBXBuildFile; fileRef = 859EA59781E13733B8942068 /* SettingsView.swift */; };
		79427D7F17D767F33DFF6C7E /* SensorImageView.swift in Sources */ = {isa = PBXBuildFile; fileRef = 24989F7077D4A45E02DD93C2 /* SensorImageView.swift */; };
		20764B1E0A92A429924324B4 /* StatusIndicators.swift in Sources */ = {isa = PBXBuildFile; fileRef = 3CDA33B0DCB0637266F8195E /* StatusIndicators.swift */; };
		0E0597E49E00C00157D6FCD4 /* ConnectionTests.swift in Sources */ = {isa = PBXBuildFile; fileRef = B01FD45D645CEE8802C23B34 /* ConnectionTests.swift */; };
		AF75B29D0AC770B8225CD800 /* GeometryTests.swift in Sources */ = {isa = PBXBuildFile; fileRef = 287B367B48CA3030340332ED /* GeometryTests.swift */; };
		FD7609E086ABAB0FD4FDC699 /* ImageStreamSoakTests.swift in Sources */ = {isa = PBXBuildFile; fileRef = EE0F3E7E26856356BB36DD81 /* ImageStreamSoakTests.swift */; };
		88EC11D65BAE91CA1DB6239B /* OdometryTests.swift in Sources */ = {isa = PBXBuildFile; fileRef = AB996139A05EF81E1706E32B /* OdometryTests.swift */; };
		379C85867BD0098F729B2E9F /* ROSImageDecoderTests.swift in Sources */ = {isa = PBXBuildFile; fileRef = A3E27C64ACFA584E536F9594 /* ROSImageDecoderTests.swift */; };
		D26CC552D9A86AFD4581A311 /* RenderingTests.swift in Sources */ = {isa = PBXBuildFile; fileRef = 035348338327ECC1A6580114 /* RenderingTests.swift */; };
		0F15F1F2D76B7EB35BA1A077 /* RosbridgeTests.swift in Sources */ = {isa = PBXBuildFile; fileRef = 925510B82AB724FB59F1E71B /* RosbridgeTests.swift */; };
		635FC6FFFA51E5B9F7EEEACB /* Fixtures in Resources */ = {isa = PBXBuildFile; fileRef = 5B6543B440C61DC2A1BADCA0 /* Fixtures */; };
/* End PBXBuildFile section */

/* Begin PBXContainerItemProxy section */
		B734D905E4C58A6688E9A749 /* PBXContainerItemProxy */ = {
			isa = PBXContainerItemProxy;
			containerPortal = A49D03E032E9C8226E2C1C29 /* Project object */;
			proxyType = 1;
			remoteGlobalIDString = 22E79AFDABC3F5ECB220375A;
			remoteInfo = InitiatorDrone;
		};
/* End PBXContainerItemProxy section */

/* Begin PBXFileReference section */
		4E51B1F3267B6C7DFC598B19 /* ARKitBridge.swift */ = {isa = PBXFileReference; lastKnownFileType = sourcecode.swift; path = "ARKitBridge.swift"; sourceTree = "<group>"; };
		908FF1D0704325FE00E7B7DA /* ARRobotSceneView.swift */ = {isa = PBXFileReference; lastKnownFileType = sourcecode.swift; path = "ARRobotSceneView.swift"; sourceTree = "<group>"; };
		B3BF1BBB19B86E0F6B8A2CAE /* ARSessionController.swift */ = {isa = PBXFileReference; lastKnownFileType = sourcecode.swift; path = "ARSessionController.swift"; sourceTree = "<group>"; };
		CB7DA95DA9663FF2AA0226CB /* AlignmentController.swift */ = {isa = PBXFileReference; lastKnownFileType = sourcecode.swift; path = "AlignmentController.swift"; sourceTree = "<group>"; };
		D1625FBC85F54D95E95F1906 /* RobotSceneNodes.swift */ = {isa = PBXFileReference; lastKnownFileType = sourcecode.swift; path = "RobotSceneNodes.swift"; sourceTree = "<group>"; };
		C4001C34CC6276A6628CCF14 /* AppModel.swift */ = {isa = PBXFileReference; lastKnownFileType = sourcecode.swift; path = "AppModel.swift"; sourceTree = "<group>"; };
		FFF844C693F9940A0405C3B9 /* InitiatorDroneApp.swift */ = {isa = PBXFileReference; lastKnownFileType = sourcecode.swift; path = "InitiatorDroneApp.swift"; sourceTree = "<group>"; };
		C80BC4F7276FC4C542466C3A /* ClockOffsetEstimator.swift */ = {isa = PBXFileReference; lastKnownFileType = sourcecode.swift; path = "ClockOffsetEstimator.swift"; sourceTree = "<group>"; };
		2D500D96E8F11D6013910EC7 /* FrameConversion.swift */ = {isa = PBXFileReference; lastKnownFileType = sourcecode.swift; path = "FrameConversion.swift"; sourceTree = "<group>"; };
		5DBAE1A2533294A56A09DB86 /* OdometryBuffer.swift */ = {isa = PBXFileReference; lastKnownFileType = sourcecode.swift; path = "OdometryBuffer.swift"; sourceTree = "<group>"; };
		C9A5566E84D706D4D80AD92E /* OdometrySampler.swift */ = {isa = PBXFileReference; lastKnownFileType = sourcecode.swift; path = "OdometrySampler.swift"; sourceTree = "<group>"; };
		10E14CEBC453994169C968FB /* Pose.swift */ = {isa = PBXFileReference; lastKnownFileType = sourcecode.swift; path = "Pose.swift"; sourceTree = "<group>"; };
		F36F4F8CE688112161037174 /* Quaternion.swift */ = {isa = PBXFileReference; lastKnownFileType = sourcecode.swift; path = "Quaternion.swift"; sourceTree = "<group>"; };
		472E64F7F4D596801DBF4426 /* Vector3.swift */ = {isa = PBXFileReference; lastKnownFileType = sourcecode.swift; path = "Vector3.swift"; sourceTree = "<group>"; };
		9328D017B51F267DAA6488AE /* ColorRamp.swift */ = {isa = PBXFileReference; lastKnownFileType = sourcecode.swift; path = "ColorRamp.swift"; sourceTree = "<group>"; };
		6BCAF5158579697330EA0203 /* ROSImage.swift */ = {isa = PBXFileReference; lastKnownFileType = sourcecode.swift; path = "ROSImage.swift"; sourceTree = "<group>"; };
		B1521F35B48F5361E632A5F1 /* ROSImageDecoder.swift */ = {isa = PBXFileReference; lastKnownFileType = sourcecode.swift; path = "ROSImageDecoder.swift"; sourceTree = "<group>"; };
		B30A4C0C92B057E8E317C36B /* ScalarImageRenderer.swift */ = {isa = PBXFileReference; lastKnownFileType = sourcecode.swift; path = "ScalarImageRenderer.swift"; sourceTree = "<group>"; };
		6B6828045A0FFBDEA4DFEE48 /* RobotEndpoint.swift */ = {isa = PBXFileReference; lastKnownFileType = sourcecode.swift; path = "RobotEndpoint.swift"; sourceTree = "<group>"; };
		66C96DF04A0A59DCB2C69AB9 /* RobotTrackingStatus.swift */ = {isa = PBXFileReference; lastKnownFileType = sourcecode.swift; path = "RobotTrackingStatus.swift"; sourceTree = "<group>"; };
		4A8C0DA10E77BE6CE345D9A5 /* VIONodeStatus.swift */ = {isa = PBXFileReference; lastKnownFileType = sourcecode.swift; path = "VIONodeStatus.swift"; sourceTree = "<group>"; };
		67968D3B97AF2D7A1382038E /* VideoFormatSelection.swift */ = {isa = PBXFileReference; lastKnownFileType = sourcecode.swift; path = "VideoFormatSelection.swift"; sourceTree = "<group>"; };
		CCA605B62A066F52D1E130A1 /* CBORDecoder.swift */ = {isa = PBXFileReference; lastKnownFileType = sourcecode.swift; path = "CBORDecoder.swift"; sourceTree = "<group>"; };
		40D3B2B19A73A768D4785B2B /* LatestOnlySlot.swift */ = {isa = PBXFileReference; lastKnownFileType = sourcecode.swift; path = "LatestOnlySlot.swift"; sourceTree = "<group>"; };
		119B7854C04DEA1CA7C88DFF /* ROSMessages.swift */ = {isa = PBXFileReference; lastKnownFileType = sourcecode.swift; path = "ROSMessages.swift"; sourceTree = "<group>"; };
		FF35BB2EAF603E0C80E99C19 /* ROSValue.swift */ = {isa = PBXFileReference; lastKnownFileType = sourcecode.swift; path = "ROSValue.swift"; sourceTree = "<group>"; };
		6C3337BFA88753C6BC837431 /* RateTracker.swift */ = {isa = PBXFileReference; lastKnownFileType = sourcecode.swift; path = "RateTracker.swift"; sourceTree = "<group>"; };
		8E690B3647864131CC429500 /* ReconnectPolicy.swift */ = {isa = PBXFileReference; lastKnownFileType = sourcecode.swift; path = "ReconnectPolicy.swift"; sourceTree = "<group>"; };
		D6AD33640B8B1296F5C32B48 /* RosbridgeClient.swift */ = {isa = PBXFileReference; lastKnownFileType = sourcecode.swift; path = "RosbridgeClient.swift"; sourceTree = "<group>"; };
		647636F53F8D0041BDE5C8AF /* RosbridgeProtocol.swift */ = {isa = PBXFileReference; lastKnownFileType = sourcecode.swift; path = "RosbridgeProtocol.swift"; sourceTree = "<group>"; };
		6CF935BE56DAB5C2AF7B3150 /* RosbridgeTransport.swift */ = {isa = PBXFileReference; lastKnownFileType = sourcecode.swift; path = "RosbridgeTransport.swift"; sourceTree = "<group>"; };
		E3A4194C09B5D0C9485B9068 /* FixtureLibrary.swift */ = {isa = PBXFileReference; lastKnownFileType = sourcecode.swift; path = "FixtureLibrary.swift"; sourceTree = "<group>"; };
		FCC3A4AC84148C5DED80D125 /* SimulatedRosbridgeTransport.swift */ = {isa = PBXFileReference; lastKnownFileType = sourcecode.swift; path = "SimulatedRosbridgeTransport.swift"; sourceTree = "<group>"; };
		D47A0921343D25B6FA04889F /* AppSettings.swift */ = {isa = PBXFileReference; lastKnownFileType = sourcecode.swift; path = "AppSettings.swift"; sourceTree = "<group>"; };
		F732C26088E247D0B8EB2D69 /* DashboardAPI.swift */ = {isa = PBXFileReference; lastKnownFileType = sourcecode.swift; path = "DashboardAPI.swift"; sourceTree = "<group>"; };
		696A73B72A4E987ACA3DCE57 /* ImageStreamPipeline.swift */ = {isa = PBXFileReference; lastKnownFileType = sourcecode.swift; path = "ImageStreamPipeline.swift"; sourceTree = "<group>"; };
		9A79510855B958005F5C012E /* RobotConnection.swift */ = {isa = PBXFileReference; lastKnownFileType = sourcecode.swift; path = "RobotConnection.swift"; sourceTree = "<group>"; };
		5A0E23884C63DC2024D64122 /* RobotStore.swift */ = {isa = PBXFileReference; lastKnownFileType = sourcecode.swift; path = "RobotStore.swift"; sourceTree = "<group>"; };
		AE4AC066F0BF4D8D7ACDC632 /* AlignmentSheet.swift */ = {isa = PBXFileReference; lastKnownFileType = sourcecode.swift; path = "AlignmentSheet.swift"; sourceTree = "<group>"; };
		AB66A85768D0E5F63D59A656 /* ConnectionView.swift */ = {isa = PBXFileReference; lastKnownFileType = sourcecode.swift; path = "ConnectionView.swift"; sourceTree = "<group>"; };
		EBAEC5A4DDD6EF8F8CA18939 /* DiagnosticsView.swift */ = {isa = PBXFileReference; lastKnownFileType = sourcecode.swift; path = "DiagnosticsView.swift"; sourceTree = "<group>"; };
		3559254F5CCEEDCF3B35A71F /* LiveView.swift */ = {isa = PBXFileReference; lastKnownFileType = sourcecode.swift; path = "LiveView.swift"; sourceTree = "<group>"; };
		BBD1CAEBF7CB571387FF0B1D /* RootView.swift */ = {isa = PBXFileReference; lastKnownFileType = sourcecode.swift; path = "RootView.swift"; sourceTree = "<group>"; };
		859EA59781E13733B8942068 /* SettingsView.swift */ = {isa = PBXFileReference; lastKnownFileType = sourcecode.swift; path = "SettingsView.swift"; sourceTree = "<group>"; };
		24989F7077D4A45E02DD93C2 /* SensorImageView.swift */ = {isa = PBXFileReference; lastKnownFileType = sourcecode.swift; path = "SensorImageView.swift"; sourceTree = "<group>"; };
		3CDA33B0DCB0637266F8195E /* StatusIndicators.swift */ = {isa = PBXFileReference; lastKnownFileType = sourcecode.swift; path = "StatusIndicators.swift"; sourceTree = "<group>"; };
		B01FD45D645CEE8802C23B34 /* ConnectionTests.swift */ = {isa = PBXFileReference; lastKnownFileType = sourcecode.swift; path = "ConnectionTests.swift"; sourceTree = "<group>"; };
		287B367B48CA3030340332ED /* GeometryTests.swift */ = {isa = PBXFileReference; lastKnownFileType = sourcecode.swift; path = "GeometryTests.swift"; sourceTree = "<group>"; };
		EE0F3E7E26856356BB36DD81 /* ImageStreamSoakTests.swift */ = {isa = PBXFileReference; lastKnownFileType = sourcecode.swift; path = "ImageStreamSoakTests.swift"; sourceTree = "<group>"; };
		AB996139A05EF81E1706E32B /* OdometryTests.swift */ = {isa = PBXFileReference; lastKnownFileType = sourcecode.swift; path = "OdometryTests.swift"; sourceTree = "<group>"; };
		A3E27C64ACFA584E536F9594 /* ROSImageDecoderTests.swift */ = {isa = PBXFileReference; lastKnownFileType = sourcecode.swift; path = "ROSImageDecoderTests.swift"; sourceTree = "<group>"; };
		035348338327ECC1A6580114 /* RenderingTests.swift */ = {isa = PBXFileReference; lastKnownFileType = sourcecode.swift; path = "RenderingTests.swift"; sourceTree = "<group>"; };
		925510B82AB724FB59F1E71B /* RosbridgeTests.swift */ = {isa = PBXFileReference; lastKnownFileType = sourcecode.swift; path = "RosbridgeTests.swift"; sourceTree = "<group>"; };
		C150B7C47C3B3A6241DFAD4B /* Info.plist */ = {isa = PBXFileReference; lastKnownFileType = text.plist.xml; path = Info.plist; sourceTree = "<group>"; };
		5B6543B440C61DC2A1BADCA0 /* Fixtures */ = {isa = PBXFileReference; lastKnownFileType = folder; path = Fixtures; sourceTree = "<group>"; };
		3E9DABFA02D968B0B42CD002 /* InitiatorDrone.app */ = {isa = PBXFileReference; explicitFileType = wrapper.application; includeInIndex = 0; path = "InitiatorDrone.app"; sourceTree = BUILT_PRODUCTS_DIR; };
		CA33DACD8643877F42C9460A /* InitiatorDroneTests.xctest */ = {isa = PBXFileReference; explicitFileType = wrapper.cfbundle; includeInIndex = 0; path = "InitiatorDroneTests.xctest"; sourceTree = BUILT_PRODUCTS_DIR; };
/* End PBXFileReference section */

/* Begin PBXFrameworksBuildPhase section */
		3887A76084B48DFF01A85848 /* Frameworks */ = {
			isa = PBXFrameworksBuildPhase;
			buildActionMask = 2147483647;
			files = (
			);
			runOnlyForDeploymentPostprocessing = 0;
		};
		E56981045A24F5F29574ABBC /* Frameworks */ = {
			isa = PBXFrameworksBuildPhase;
			buildActionMask = 2147483647;
			files = (
			);
			runOnlyForDeploymentPostprocessing = 0;
		};
/* End PBXFrameworksBuildPhase section */

/* Begin PBXGroup section */
		0B352507941F6F70965FB60A /* AR */ = {
			isa = PBXGroup;
			children = (
				4E51B1F3267B6C7DFC598B19 /* ARKitBridge.swift */,
				908FF1D0704325FE00E7B7DA /* ARRobotSceneView.swift */,
				B3BF1BBB19B86E0F6B8A2CAE /* ARSessionController.swift */,
				CB7DA95DA9663FF2AA0226CB /* AlignmentController.swift */,
				D1625FBC85F54D95E95F1906 /* RobotSceneNodes.swift */,
			);
			path = "AR";
			sourceTree = "<group>";
		};
		78AE070E8C464B773858BDDA /* App */ = {
			isa = PBXGroup;
			children = (
				C4001C34CC6276A6628CCF14 /* AppModel.swift */,
				FFF844C693F9940A0405C3B9 /* InitiatorDroneApp.swift */,
			);
			path = "App";
			sourceTree = "<group>";
		};
		C29FFCE4D8421502262E3C99 /* Geometry */ = {
			isa = PBXGroup;
			children = (
				C80BC4F7276FC4C542466C3A /* ClockOffsetEstimator.swift */,
				2D500D96E8F11D6013910EC7 /* FrameConversion.swift */,
				5DBAE1A2533294A56A09DB86 /* OdometryBuffer.swift */,
				C9A5566E84D706D4D80AD92E /* OdometrySampler.swift */,
				10E14CEBC453994169C968FB /* Pose.swift */,
				F36F4F8CE688112161037174 /* Quaternion.swift */,
				472E64F7F4D596801DBF4426 /* Vector3.swift */,
			);
			path = "Geometry";
			sourceTree = "<group>";
		};
		92347365E7CAE64A1707D59C /* Imaging */ = {
			isa = PBXGroup;
			children = (
				9328D017B51F267DAA6488AE /* ColorRamp.swift */,
				6BCAF5158579697330EA0203 /* ROSImage.swift */,
				B1521F35B48F5361E632A5F1 /* ROSImageDecoder.swift */,
				B30A4C0C92B057E8E317C36B /* ScalarImageRenderer.swift */,
			);
			path = "Imaging";
			sourceTree = "<group>";
		};
		81E5BC78BB16FF652FA4AAC1 /* Model */ = {
			isa = PBXGroup;
			children = (
				6B6828045A0FFBDEA4DFEE48 /* RobotEndpoint.swift */,
				66C96DF04A0A59DCB2C69AB9 /* RobotTrackingStatus.swift */,
				4A8C0DA10E77BE6CE345D9A5 /* VIONodeStatus.swift */,
				67968D3B97AF2D7A1382038E /* VideoFormatSelection.swift */,
			);
			path = "Model";
			sourceTree = "<group>";
		};
		AD05828490FB370385252AC4 /* ROS */ = {
			isa = PBXGroup;
			children = (
				CCA605B62A066F52D1E130A1 /* CBORDecoder.swift */,
				40D3B2B19A73A768D4785B2B /* LatestOnlySlot.swift */,
				119B7854C04DEA1CA7C88DFF /* ROSMessages.swift */,
				FF35BB2EAF603E0C80E99C19 /* ROSValue.swift */,
				6C3337BFA88753C6BC837431 /* RateTracker.swift */,
				8E690B3647864131CC429500 /* ReconnectPolicy.swift */,
				D6AD33640B8B1296F5C32B48 /* RosbridgeClient.swift */,
				647636F53F8D0041BDE5C8AF /* RosbridgeProtocol.swift */,
				6CF935BE56DAB5C2AF7B3150 /* RosbridgeTransport.swift */,
			);
			path = "ROS";
			sourceTree = "<group>";
		};
		3079880DED2CC5EB5AC7D67B /* Testing */ = {
			isa = PBXGroup;
			children = (
				E3A4194C09B5D0C9485B9068 /* FixtureLibrary.swift */,
				FCC3A4AC84148C5DED80D125 /* SimulatedRosbridgeTransport.swift */,
			);
			path = "Testing";
			sourceTree = "<group>";
		};
		86360679A1664A4B4D76DBD7 /* Core */ = {
			isa = PBXGroup;
			children = (
				C29FFCE4D8421502262E3C99 /* Geometry */,
				92347365E7CAE64A1707D59C /* Imaging */,
				81E5BC78BB16FF652FA4AAC1 /* Model */,
				AD05828490FB370385252AC4 /* ROS */,
				3079880DED2CC5EB5AC7D67B /* Testing */,
			);
			path = "Core";
			sourceTree = "<group>";
		};
		3B79B11E90387B48E933AAA3 /* Services */ = {
			isa = PBXGroup;
			children = (
				D47A0921343D25B6FA04889F /* AppSettings.swift */,
				F732C26088E247D0B8EB2D69 /* DashboardAPI.swift */,
				696A73B72A4E987ACA3DCE57 /* ImageStreamPipeline.swift */,
				9A79510855B958005F5C012E /* RobotConnection.swift */,
				5A0E23884C63DC2024D64122 /* RobotStore.swift */,
			);
			path = "Services";
			sourceTree = "<group>";
		};
		E619785074BD10210FE0288B /* Components */ = {
			isa = PBXGroup;
			children = (
				24989F7077D4A45E02DD93C2 /* SensorImageView.swift */,
				3CDA33B0DCB0637266F8195E /* StatusIndicators.swift */,
			);
			path = "Components";
			sourceTree = "<group>";
		};
		0A284B608D0A2759031A98EE /* Views */ = {
			isa = PBXGroup;
			children = (
				E619785074BD10210FE0288B /* Components */,
				AE4AC066F0BF4D8D7ACDC632 /* AlignmentSheet.swift */,
				AB66A85768D0E5F63D59A656 /* ConnectionView.swift */,
				EBAEC5A4DDD6EF8F8CA18939 /* DiagnosticsView.swift */,
				3559254F5CCEEDCF3B35A71F /* LiveView.swift */,
				BBD1CAEBF7CB571387FF0B1D /* RootView.swift */,
				859EA59781E13733B8942068 /* SettingsView.swift */,
			);
			path = "Views";
			sourceTree = "<group>";
		};
		D8401E6BCB90720D50D420A3 /* InitiatorDrone */ = {
			isa = PBXGroup;
			children = (
				0B352507941F6F70965FB60A /* AR */,
				78AE070E8C464B773858BDDA /* App */,
				86360679A1664A4B4D76DBD7 /* Core */,
				3B79B11E90387B48E933AAA3 /* Services */,
				0A284B608D0A2759031A98EE /* Views */,
				68E58C958FA4E1041BDCBE73 /* Resources */,
			);
			path = "InitiatorDrone";
			sourceTree = "<group>";
		};
		D8366AD7F767702B0FAE3212 /* InitiatorDroneTests */ = {
			isa = PBXGroup;
			children = (
				B01FD45D645CEE8802C23B34 /* ConnectionTests.swift */,
				287B367B48CA3030340332ED /* GeometryTests.swift */,
				EE0F3E7E26856356BB36DD81 /* ImageStreamSoakTests.swift */,
				AB996139A05EF81E1706E32B /* OdometryTests.swift */,
				A3E27C64ACFA584E536F9594 /* ROSImageDecoderTests.swift */,
				035348338327ECC1A6580114 /* RenderingTests.swift */,
				925510B82AB724FB59F1E71B /* RosbridgeTests.swift */,
			);
			path = "InitiatorDroneTests";
			sourceTree = "<group>";
		};
		4726A90B1D4DA1F19FF9010F /* Tests */ = {
			isa = PBXGroup;
			children = (
				D8366AD7F767702B0FAE3212 /* InitiatorDroneTests */,
			);
			path = "Tests";
			sourceTree = "<group>";
		};
		68E58C958FA4E1041BDCBE73 /* Resources */ = {
			isa = PBXGroup;
			children = (
				C150B7C47C3B3A6241DFAD4B /* Info.plist */,
				5B6543B440C61DC2A1BADCA0 /* Fixtures */,
			);
			path = Resources;
			sourceTree = "<group>";
		};
		0340EDC3C7C95BDC82661CB2 /* Products */ = {
			isa = PBXGroup;
			children = (
				3E9DABFA02D968B0B42CD002 /* InitiatorDrone.app */,
				CA33DACD8643877F42C9460A /* InitiatorDroneTests.xctest */,
			);
			name = Products;
			sourceTree = "<group>";
		};
		8D3FC2904BDC986822C3B4AA = {
			isa = PBXGroup;
			children = (
				D8401E6BCB90720D50D420A3 /* InitiatorDrone */,
				4726A90B1D4DA1F19FF9010F /* Tests */,
				0340EDC3C7C95BDC82661CB2 /* Products */,
			);
			sourceTree = "<group>";
		};
/* End PBXGroup section */

/* Begin PBXNativeTarget section */
		22E79AFDABC3F5ECB220375A /* InitiatorDrone */ = {
			isa = PBXNativeTarget;
			buildConfigurationList = 685B4C56120C9605010453A7;
			buildPhases = (
				497D69F478461CE53100E752 /* Sources */,
				3887A76084B48DFF01A85848 /* Frameworks */,
				A329982323F53ED9EE7407F0 /* Resources */,
			);
			buildRules = (
			);
			dependencies = (
			);
			name = InitiatorDrone;
			productName = InitiatorDrone;
			productReference = 3E9DABFA02D968B0B42CD002 /* InitiatorDrone.app */;
			productType = "com.apple.product-type.application";
		};
		C983E49405954542FFAA0C6A /* InitiatorDroneTests */ = {
			isa = PBXNativeTarget;
			buildConfigurationList = 84199E26B9CFFF95083490F5;
			buildPhases = (
				38BA8B173F20CC95C368CC1C /* Sources */,
				E56981045A24F5F29574ABBC /* Frameworks */,
			);
			buildRules = (
			);
			dependencies = (
				7E4FFF768C5CDBCA46984637 /* PBXTargetDependency */,
			);
			name = InitiatorDroneTests;
			productName = InitiatorDroneTests;
			productReference = CA33DACD8643877F42C9460A /* InitiatorDroneTests.xctest */;
			productType = "com.apple.product-type.bundle.unit-test";
		};
/* End PBXNativeTarget section */

/* Begin PBXProject section */
		A49D03E032E9C8226E2C1C29 /* Project object */ = {
			isa = PBXProject;
			attributes = {
				BuildIndependentTargetsInParallel = 1;
				LastSwiftUpdateCheck = 1500;
				LastUpgradeCheck = 1500;
				TargetAttributes = {
					22E79AFDABC3F5ECB220375A = {
						CreatedOnToolsVersion = 15.0;
					};
					C983E49405954542FFAA0C6A = {
						CreatedOnToolsVersion = 15.0;
						TestTargetID = 22E79AFDABC3F5ECB220375A;
					};
				};
			};
			buildConfigurationList = F93D9189200191DF84C72457;
			compatibilityVersion = "Xcode 14.0";
			developmentRegion = en;
			hasScannedForEncodings = 0;
			knownRegions = (
				en,
				Base,
			);
			mainGroup = 8D3FC2904BDC986822C3B4AA;
			productRefGroup = 0340EDC3C7C95BDC82661CB2 /* Products */;
			projectDirPath = "";
			projectRoot = "";
			targets = (
				22E79AFDABC3F5ECB220375A /* InitiatorDrone */,
				C983E49405954542FFAA0C6A /* InitiatorDroneTests */,
			);
		};
/* End PBXProject section */

/* Begin PBXResourcesBuildPhase section */
		A329982323F53ED9EE7407F0 /* Resources */ = {
			isa = PBXResourcesBuildPhase;
			buildActionMask = 2147483647;
			files = (
				635FC6FFFA51E5B9F7EEEACB /* Fixtures in Resources */,
			);
			runOnlyForDeploymentPostprocessing = 0;
		};
/* End PBXResourcesBuildPhase section */

/* Begin PBXSourcesBuildPhase section */
		497D69F478461CE53100E752 /* Sources */ = {
			isa = PBXSourcesBuildPhase;
			buildActionMask = 2147483647;
			files = (
				7167972C7C9984C54E465C1A /* ARKitBridge.swift in Sources */,
				D67D0B6479EC86FAEBD1E84D /* ARRobotSceneView.swift in Sources */,
				069B358974CDE8F668864A3C /* ARSessionController.swift in Sources */,
				EFC30BF8F03C0A4D08CCC6F7 /* AlignmentController.swift in Sources */,
				B3E5294C595AA686F35D25C9 /* RobotSceneNodes.swift in Sources */,
				605609CF399D5ED70F7BF46D /* AppModel.swift in Sources */,
				FC30B85B17CA68D626E0B566 /* InitiatorDroneApp.swift in Sources */,
				0BC7C0B2077237D55D7C4AB9 /* ClockOffsetEstimator.swift in Sources */,
				44FBFD8E6EC68FB8CB2D29EE /* FrameConversion.swift in Sources */,
				AA0E3F9FEE8AEFB814F85DA0 /* OdometryBuffer.swift in Sources */,
				21B72F1AE5F61D03E1626BBA /* OdometrySampler.swift in Sources */,
				4EE97BF2830DCB5F6C1A2B0E /* Pose.swift in Sources */,
				ACF0A91F308956E2FDC97F63 /* Quaternion.swift in Sources */,
				2FBDA470C971A3AD382D2044 /* Vector3.swift in Sources */,
				6EA1D40D5120B7D49EA495AB /* ColorRamp.swift in Sources */,
				19C5672EB63529EEA2AD7F38 /* ROSImage.swift in Sources */,
				45582D34BE96858924934315 /* ROSImageDecoder.swift in Sources */,
				0FDDDBB195C71EFFF1BE40A8 /* ScalarImageRenderer.swift in Sources */,
				D92C1528AD1313F33CDB7B7F /* RobotEndpoint.swift in Sources */,
				1E2710F60C2CEAA1F821405D /* RobotTrackingStatus.swift in Sources */,
				4704D46B7DFFB413526443EA /* VIONodeStatus.swift in Sources */,
				D144D80AE7117633CFEB3011 /* VideoFormatSelection.swift in Sources */,
				60468175B3F1E570CCD00415 /* CBORDecoder.swift in Sources */,
				FFC6145F1AACA5ED7BE5A63F /* LatestOnlySlot.swift in Sources */,
				383C4A0FE956D3CCB2C01880 /* ROSMessages.swift in Sources */,
				01088832A41F8AE6A1760A75 /* ROSValue.swift in Sources */,
				30AA873C02068D3207741225 /* RateTracker.swift in Sources */,
				2700880B4C81FC6002778A89 /* ReconnectPolicy.swift in Sources */,
				9819C84E245580D200A6C1E1 /* RosbridgeClient.swift in Sources */,
				6E86FE294AD53B956D37703D /* RosbridgeProtocol.swift in Sources */,
				32D18A07F0E90D4682DB148A /* RosbridgeTransport.swift in Sources */,
				E4386DE80A9AC9686504708C /* FixtureLibrary.swift in Sources */,
				9E7D7FE8C47814F503A4D818 /* SimulatedRosbridgeTransport.swift in Sources */,
				501A35BCA7DF76BAB59BE43E /* AppSettings.swift in Sources */,
				FA0D687596F80899D74BF279 /* DashboardAPI.swift in Sources */,
				E4D551E38AA1FDE9ABEC8169 /* ImageStreamPipeline.swift in Sources */,
				D11AD512DA491635765D64DC /* RobotConnection.swift in Sources */,
				984DA6D15426DAA90610C0D8 /* RobotStore.swift in Sources */,
				510CF07940C23AF2F14FD3FF /* AlignmentSheet.swift in Sources */,
				E02E0EC1C4EA7BD3E6EA9DAF /* ConnectionView.swift in Sources */,
				39371D8E22764CB9DD347D32 /* DiagnosticsView.swift in Sources */,
				EB0AA26F906FD9F2CFFBFF81 /* LiveView.swift in Sources */,
				2514ACD69995FB0C205AA6E2 /* RootView.swift in Sources */,
				3CFFC1DB494C25D2B8A266D8 /* SettingsView.swift in Sources */,
				79427D7F17D767F33DFF6C7E /* SensorImageView.swift in Sources */,
				20764B1E0A92A429924324B4 /* StatusIndicators.swift in Sources */,
			);
			runOnlyForDeploymentPostprocessing = 0;
		};
		38BA8B173F20CC95C368CC1C /* Sources */ = {
			isa = PBXSourcesBuildPhase;
			buildActionMask = 2147483647;
			files = (
				0E0597E49E00C00157D6FCD4 /* ConnectionTests.swift in Sources */,
				AF75B29D0AC770B8225CD800 /* GeometryTests.swift in Sources */,
				FD7609E086ABAB0FD4FDC699 /* ImageStreamSoakTests.swift in Sources */,
				88EC11D65BAE91CA1DB6239B /* OdometryTests.swift in Sources */,
				379C85867BD0098F729B2E9F /* ROSImageDecoderTests.swift in Sources */,
				D26CC552D9A86AFD4581A311 /* RenderingTests.swift in Sources */,
				0F15F1F2D76B7EB35BA1A077 /* RosbridgeTests.swift in Sources */,
			);
			runOnlyForDeploymentPostprocessing = 0;
		};
/* End PBXSourcesBuildPhase section */

/* Begin PBXTargetDependency section */
		7E4FFF768C5CDBCA46984637 /* PBXTargetDependency */ = {
			isa = PBXTargetDependency;
			target = 22E79AFDABC3F5ECB220375A /* InitiatorDrone */;
			targetProxy = B734D905E4C58A6688E9A749 /* PBXContainerItemProxy */;
		};
/* End PBXTargetDependency section */

/* Begin XCBuildConfiguration section */
		53BCFD95B87F444CE5BCE442 /* Debug */ = {
			isa = XCBuildConfiguration;
			buildSettings = {
				ALWAYS_SEARCH_USER_PATHS = NO;
				CLANG_ENABLE_MODULES = YES;
				CLANG_ENABLE_OBJC_ARC = YES;
				COPY_PHASE_STRIP = NO;
				DEBUG_INFORMATION_FORMAT = dwarf;
				ENABLE_STRICT_OBJC_MSGSEND = YES;
				ENABLE_TESTABILITY = YES;
				ENABLE_USER_SCRIPT_SANDBOXING = YES;
				GCC_C_LANGUAGE_STANDARD = gnu11;
				GCC_OPTIMIZATION_LEVEL = 0;
				GCC_PREPROCESSOR_DEFINITIONS = "DEBUG=1 $(inherited)";
				IPHONEOS_DEPLOYMENT_TARGET = 16.0;
				ONLY_ACTIVE_ARCH = YES;
				SDKROOT = iphoneos;
				SWIFT_ACTIVE_COMPILATION_CONDITIONS = DEBUG;
				SWIFT_EMIT_LOC_STRINGS = YES;
				SWIFT_OPTIMIZATION_LEVEL = -Onone;
				SWIFT_VERSION = 5.0;
			};
			name = Debug;
		};
		2099F6C493573CA032985BCB /* Release */ = {
			isa = XCBuildConfiguration;
			buildSettings = {
				ALWAYS_SEARCH_USER_PATHS = NO;
				CLANG_ENABLE_MODULES = YES;
				CLANG_ENABLE_OBJC_ARC = YES;
				COPY_PHASE_STRIP = NO;
				DEBUG_INFORMATION_FORMAT = "dwarf-with-dsym";
				ENABLE_NS_ASSERTIONS = NO;
				ENABLE_STRICT_OBJC_MSGSEND = YES;
				ENABLE_USER_SCRIPT_SANDBOXING = YES;
				GCC_C_LANGUAGE_STANDARD = gnu11;
				IPHONEOS_DEPLOYMENT_TARGET = 16.0;
				SDKROOT = iphoneos;
				SWIFT_COMPILATION_MODE = wholemodule;
				SWIFT_EMIT_LOC_STRINGS = YES;
				SWIFT_VERSION = 5.0;
				VALIDATE_PRODUCT = YES;
			};
			name = Release;
		};
		C26D9F4F36FD94BE10AA01BE /* Debug */ = {
			isa = XCBuildConfiguration;
			buildSettings = {
				ASSETCATALOG_COMPILER_GLOBAL_ACCENT_COLOR_NAME = AccentColor;
				CODE_SIGN_STYLE = Automatic;
				CURRENT_PROJECT_VERSION = 1;
				DEVELOPMENT_TEAM = N9HUTA2737;
				GENERATE_INFOPLIST_FILE = NO;
				INFOPLIST_FILE = InitiatorDrone/Resources/Info.plist;
				LD_RUNPATH_SEARCH_PATHS = (
					"$(inherited)",
					"@executable_path/Frameworks",
				);
				MARKETING_VERSION = 1.0;
				PRODUCT_BUNDLE_IDENTIFIER = com.ayong.initiatordrone;
				PRODUCT_NAME = "$(TARGET_NAME)";
				SWIFT_EMIT_LOC_STRINGS = YES;
				TARGETED_DEVICE_FAMILY = "1,2";
			};
			name = Debug;
		};
		59FF82BEC7463EB4E81EF7FF /* Release */ = {
			isa = XCBuildConfiguration;
			buildSettings = {
				ASSETCATALOG_COMPILER_GLOBAL_ACCENT_COLOR_NAME = AccentColor;
				CODE_SIGN_STYLE = Automatic;
				CURRENT_PROJECT_VERSION = 1;
				DEVELOPMENT_TEAM = N9HUTA2737;
				GENERATE_INFOPLIST_FILE = NO;
				INFOPLIST_FILE = InitiatorDrone/Resources/Info.plist;
				LD_RUNPATH_SEARCH_PATHS = (
					"$(inherited)",
					"@executable_path/Frameworks",
				);
				MARKETING_VERSION = 1.0;
				PRODUCT_BUNDLE_IDENTIFIER = com.ayong.initiatordrone;
				PRODUCT_NAME = "$(TARGET_NAME)";
				SWIFT_EMIT_LOC_STRINGS = YES;
				TARGETED_DEVICE_FAMILY = "1,2";
			};
			name = Release;
		};
		D5DA94D2CF3200981C70F65E /* Debug */ = {
			isa = XCBuildConfiguration;
			buildSettings = {
				BUNDLE_LOADER = "$(TEST_HOST)";
				CODE_SIGN_STYLE = Automatic;
				CURRENT_PROJECT_VERSION = 1;
				DEVELOPMENT_TEAM = N9HUTA2737;
				GENERATE_INFOPLIST_FILE = YES;
				MARKETING_VERSION = 1.0;
				PRODUCT_BUNDLE_IDENTIFIER = com.ayong.initiatordrone.tests;
				PRODUCT_NAME = "$(TARGET_NAME)";
				TARGETED_DEVICE_FAMILY = "1,2";
				TEST_HOST = "$(BUILT_PRODUCTS_DIR)/InitiatorDrone.app/$(BUNDLE_EXECUTABLE_FOLDER_PATH)/InitiatorDrone";
			};
			name = Debug;
		};
		04D4E776D77ED03027E6149D /* Release */ = {
			isa = XCBuildConfiguration;
			buildSettings = {
				BUNDLE_LOADER = "$(TEST_HOST)";
				CODE_SIGN_STYLE = Automatic;
				CURRENT_PROJECT_VERSION = 1;
				DEVELOPMENT_TEAM = N9HUTA2737;
				GENERATE_INFOPLIST_FILE = YES;
				MARKETING_VERSION = 1.0;
				PRODUCT_BUNDLE_IDENTIFIER = com.ayong.initiatordrone.tests;
				PRODUCT_NAME = "$(TARGET_NAME)";
				TARGETED_DEVICE_FAMILY = "1,2";
				TEST_HOST = "$(BUILT_PRODUCTS_DIR)/InitiatorDrone.app/$(BUNDLE_EXECUTABLE_FOLDER_PATH)/InitiatorDrone";
			};
			name = Release;
		};
/* End XCBuildConfiguration section */

/* Begin XCConfigurationList section */
		F93D9189200191DF84C72457 /* Build configuration list for PBXProject "InitiatorDrone" */ = {
			isa = XCConfigurationList;
			buildConfigurations = (
				53BCFD95B87F444CE5BCE442 /* Debug */,
				2099F6C493573CA032985BCB /* Release */,
			);
			defaultConfigurationIsVisible = 0;
			defaultConfigurationName = Release;
		};
		685B4C56120C9605010453A7 /* Build configuration list for PBXNativeTarget "InitiatorDrone" */ = {
			isa = XCConfigurationList;
			buildConfigurations = (
				C26D9F4F36FD94BE10AA01BE /* Debug */,
				59FF82BEC7463EB4E81EF7FF /* Release */,
			);
			defaultConfigurationIsVisible = 0;
			defaultConfigurationName = Release;
		};
		84199E26B9CFFF95083490F5 /* Build configuration list for PBXNativeTarget "InitiatorDroneTests" */ = {
			isa = XCConfigurationList;
			buildConfigurations = (
				D5DA94D2CF3200981C70F65E /* Debug */,
				04D4E776D77ED03027E6149D /* Release */,
			);
			defaultConfigurationIsVisible = 0;
			defaultConfigurationName = Release;
		};
/* End XCConfigurationList section */
	};
	rootObject = A49D03E032E9C8226E2C1C29 /* Project object */;
}
