// !$*UTF8*$!
{
	archiveVersion = 1;
	classes = {
	};
	objectVersion = 56;
	objects = {

/* Begin PBXBuildFile section */
		77DD11A65D8FBEC80EC8A14F /* ARKitBridge.swift in Sources */ = {isa = PBXBuildFile; fileRef = 4E51B1F3267B6C7DFC598B19 /* ARKitBridge.swift */; };
		593A7C999CB1E3D2DF7E79BB /* ARRobotSceneView.swift in Sources */ = {isa = PBXBuildFile; fileRef = 908FF1D0704325FE00E7B7DA /* ARRobotSceneView.swift */; };
		76A1D0E9E8EC54727EEE72EA /* ARSessionController.swift in Sources */ = {isa = PBXBuildFile; fileRef = B3BF1BBB19B86E0F6B8A2CAE /* ARSessionController.swift */; };
		A1AB6A2D7BC8BC5DE60DF3EF /* AlignmentController.swift in Sources */ = {isa = PBXBuildFile; fileRef = CB7DA95DA9663FF2AA0226CB /* AlignmentController.swift */; };
		6CDA3301FB439AFCC0BDB46C /* RobotSceneNodes.swift in Sources */ = {isa = PBXBuildFile; fileRef = D1625FBC85F54D95E95F1906 /* RobotSceneNodes.swift */; };
		84424993B59F7B367248BA00 /* AppModel.swift in Sources */ = {isa = PBXBuildFile; fileRef = C4001C34CC6276A6628CCF14 /* AppModel.swift */; };
		6FAA92D478534A9A94D9103E /* InitiatorDroneApp.swift in Sources */ = {isa = PBXBuildFile; fileRef = FFF844C693F9940A0405C3B9 /* InitiatorDroneApp.swift */; };
		FCC978A2D14F5F0ED573ED19 /* ClockOffsetEstimator.swift in Sources */ = {isa = PBXBuildFile; fileRef = C80BC4F7276FC4C542466C3A /* ClockOffsetEstimator.swift */; };
		037D2A845566BE8B9771AA50 /* FrameConversion.swift in Sources */ = {isa = PBXBuildFile; fileRef = 2D500D96E8F11D6013910EC7 /* FrameConversion.swift */; };
		7B4EFAACE5E7AEFD8FE70939 /* OdometryBuffer.swift in Sources */ = {isa = PBXBuildFile; fileRef = 5DBAE1A2533294A56A09DB86 /* OdometryBuffer.swift */; };
		57C4497F4CA5F767B845C3A0 /* OdometrySampler.swift in Sources */ = {isa = PBXBuildFile; fileRef = C9A5566E84D706D4D80AD92E /* OdometrySampler.swift */; };
		6BA722C02FA0884FC9B94922 /* Pose.swift in Sources */ = {isa = PBXBuildFile; fileRef = 10E14CEBC453994169C968FB /* Pose.swift */; };
		85D3EF58329D738860512A93 /* Quaternion.swift in Sources */ = {isa = PBXBuildFile; fileRef = F36F4F8CE688112161037174 /* Quaternion.swift */; };
		99E50E111C84BC5B1A8ADB1A /* Vector3.swift in Sources */ = {isa = PBXBuildFile; fileRef = 472E64F7F4D596801DBF4426 /* Vector3.swift */; };
		297EECA292846F6F48FA0848 /* ColorRamp.swift in Sources */ = {isa = PBXBuildFile; fileRef = 9328D017B51F267DAA6488AE /* ColorRamp.swift */; };
		8093AA247D18C1C4BCB36AC7 /* DepthPointCloud.swift in Sources */ = {isa = PBXBuildFile; fileRef = FEB985DAC5F9AB2041D6AC33 /* DepthPointCloud.swift */; };
		A4332BB3191741E3F1A9D4C0 /* PointCloudStore.swift in Sources */ = {isa = PBXBuildFile; fileRef = 04B21F5374445D412980B224 /* PointCloudStore.swift */; };
		BD47CD051B3F0FA1442618CF /* ROSImage.swift in Sources */ = {isa = PBXBuildFile; fileRef = 90BBC51A2D170BCD4852A2B1 /* ROSImage.swift */; };
		E5BDB6A5182B7D1F401B6D00 /* ROSImageDecoder.swift in Sources */ = {isa = PBXBuildFile; fileRef = 768F6893C764C4E87A74C731 /* ROSImageDecoder.swift */; };
		90EA97D78B3B5054FF515D6B /* ScalarImageRenderer.swift in Sources */ = {isa = PBXBuildFile; fileRef = 79F62D8AF56F07BD6767F7F0 /* ScalarImageRenderer.swift */; };
		DF74EE2375433053A9896EDD /* RobotEndpoint.swift in Sources */ = {isa = PBXBuildFile; fileRef = B1BE6A1D4CC5EC07D9C86EFD /* RobotEndpoint.swift */; };
		BED4E3039B7556859D0D7642 /* RobotTrackingStatus.swift in Sources */ = {isa = PBXBuildFile; fileRef = 9C6F8A267A1186A926D9C243 /* RobotTrackingStatus.swift */; };
		09D9D0AC5E10E44045FED76C /* VIONodeStatus.swift in Sources */ = {isa = PBXBuildFile; fileRef = 06F7C1FC2E9290BADED414EE /* VIONodeStatus.swift */; };
		EE1DD41688A7583F16E9FBC1 /* VideoFormatSelection.swift in Sources */ = {isa = PBXBuildFile; fileRef = 8AE02956F1B43377E9927F05 /* VideoFormatSelection.swift */; };
		A7D2582C184B9FFAC5044100 /* CBORDecoder.swift in Sources */ = {isa = PBXBuildFile; fileRef = E6F59ABCB9F8100A8925B987 /* CBORDecoder.swift */; };
		878FEBECCF05648ACE99EF2F /* LatestOnlySlot.swift in Sources */ = {isa = PBXBuildFile; fileRef = 6FEEDEE65154AD4435DF71F8 /* LatestOnlySlot.swift */; };
		DB97AE0E8CF2617005E6257A /* ROSMessages.swift in Sources */ = {isa = PBXBuildFile; fileRef = 6D886C27CE506721E667CD7C /* ROSMessages.swift */; };
		801726BE79C2C06BDA82FDD1 /* ROSValue.swift in Sources */ = {isa = PBXBuildFile; fileRef = 462B0348F4D413298EA5D835 /* ROSValue.swift */; };
		A859CDD297FCDEF35D411C1A /* RateTracker.swift in Sources */ = {isa = PBXBuildFile; fileRef = 9F40DFAAF154DA44E41C9ED7 /* RateTracker.swift */; };
		B4BF05C283B5F85A65D1A80B /* ReconnectPolicy.swift in Sources */ = {isa = PBXBuildFile; fileRef = 538487EDB92851D920D621D2 /* ReconnectPolicy.swift */; };
		BD776B2EC8A86C688DBF2C2C /* RosbridgeClient.swift in Sources */ = {isa = PBXBuildFile; fileRef = 47BA24E4EB5CC775A8DE6947 /* RosbridgeClient.swift */; };
		F4CBEC867B11871B694B2AB0 /* RosbridgeProtocol.swift in Sources */ = {isa = PBXBuildFile; fileRef = C537247D80B09A1DA9DAFF1C /* RosbridgeProtocol.swift */; };
		A32E8F3037395666A6EB6D7F /* RosbridgeTransport.swift in Sources */ = {isa = PBXBuildFile; fileRef = 0C1A0839050DD47EFF85702F /* RosbridgeTransport.swift */; };
		8EBF097D79F41E6F6A0126E6 /* FixtureLibrary.swift in Sources */ = {isa = PBXBuildFile; fileRef = F7EB195C0DB9FD577BF78312 /* FixtureLibrary.swift */; };
		5FA10F05B6DC8F2DDC6A2065 /* SimulatedRosbridgeTransport.swift in Sources */ = {isa = PBXBuildFile; fileRef = 9EFD3C34DA55C387E27DF6E7 /* SimulatedRosbridgeTransport.swift */; };
		A1884EE95F4AAD0ECB8B7A1B /* AppSettings.swift in Sources */ = {isa = PBXBuildFile; fileRef = E0558F84BBEA7D83DB07EE59 /* AppSettings.swift */; };
		5353B7459D427DB111FC4910 /* DashboardAPI.swift in Sources */ = {isa = PBXBuildFile; fileRef = B7270117979FC206EC73CCC0 /* DashboardAPI.swift */; };
		5B9B9E6CD0FA17D2B934BA6B /* ImageStreamPipeline.swift in Sources */ = {isa = PBXBuildFile; fileRef = D3ADB79F9FC1E27C0662E5D6 /* ImageStreamPipeline.swift */; };
		B4F111780F44CB187D5C9DD6 /* RobotConnection.swift in Sources */ = {isa = PBXBuildFile; fileRef = FF8E0DFA36C5B470E6BCD8EB /* RobotConnection.swift */; };
		032EA16EE51EA21D590D00DE /* RobotStore.swift in Sources */ = {isa = PBXBuildFile; fileRef = F2D33DBE6301C3634A08139F /* RobotStore.swift */; };
		34B62F0B8BB11D25C726B1F2 /* AlignmentSheet.swift in Sources */ = {isa = PBXBuildFile; fileRef = 55CA88B5A75BAAC16AE9E22F /* AlignmentSheet.swift */; };
		32211B3105652F0562600628 /* ConnectionView.swift in Sources */ = {isa = PBXBuildFile; fileRef = C4314BA8EC0F737127A928A2 /* ConnectionView.swift */; };
		25E37CA91CBB8DEF1D7B16AB /* DiagnosticsView.swift in Sources */ = {isa = PBXBuildFile; fileRef = ED38819F56DF9CC40D781EAB /* DiagnosticsView.swift */; };
		8728FCCC5A1F867510E4EDB1 /* LiveView.swift in Sources */ = {isa = PBXBuildFile; fileRef = E0EFAC773A7C992FEA7950A4 /* LiveView.swift */; };
		0F4D8759C57CCD8235851CA9 /* RootView.swift in Sources */ = {isa = PBXBuildFile; fileRef = 0D363ABE227771768DF394D3 /* RootView.swift */; };
		9353CC17A35C300A30CDDC15 /* SettingsView.swift in Sources */ = {isa = PBXBuildFile; fileRef = 6D44FA667A6DA1AAC30A3F4F /* SettingsView.swift */; };
		6EEB47DF82A7E0F5DF6CB11E /* SensorImageView.swift in Sources */ = {isa = PBXBuildFile; fileRef = 16C38CE2C2C9DE9543EC5408 /* SensorImageView.swift */; };
		BE39D6DED63FCEBCA6E0943D /* StatusIndicators.swift in Sources */ = {isa = PBXBuildFile; fileRef = 4B9D9F003E6D2C8A5C80BD33 /* StatusIndicators.swift */; };
		C101431C71FDC2E172CC913E /* ConnectionTests.swift in Sources */ = {isa = PBXBuildFile; fileRef = DDA95F162142E88FA4A50FC8 /* ConnectionTests.swift */; };
		075E19057C07C01F00AE0EA8 /* DepthPointCloudTests.swift in Sources */ = {isa = PBXBuildFile; fileRef = 79542DAA7F49BDA04124A27F /* DepthPointCloudTests.swift */; };
		E81CE81CC0318453898556FB /* GeometryTests.swift in Sources */ = {isa = PBXBuildFile; fileRef = 938A716762580467A4E86D55 /* GeometryTests.swift */; };
		895501351F0D13F5F47B0C97 /* ImageStreamSoakTests.swift in Sources */ = {isa = PBXBuildFile; fileRef = B719C95C567A42B30777EC22 /* ImageStreamSoakTests.swift */; };
		FF7E69B1DD8AB1AAF6F7E581 /* OdometryTests.swift in Sources */ = {isa = PBXBuildFile; fileRef = E50BC204A6868CA4DE7F0708 /* OdometryTests.swift */; };
		3D7264810C7977642E4DD12B /* ROSImageDecoderTests.swift in Sources */ = {isa = PBXBuildFile; fileRef = 7F6DE798242DD852B10565AA /* ROSImageDecoderTests.swift */; };
		D29B4A65E6E8CFD9DA0C38F5 /* RenderingTests.swift in Sources */ = {isa = PBXBuildFile; fileRef = 3556214949D772F0A200F6DE /* RenderingTests.swift */; };
		779C30672946CA201A12EB80 /* RosbridgeTests.swift in Sources */ = {isa = PBXBuildFile; fileRef = A46FB3F0C9A244D8F99316B2 /* RosbridgeTests.swift */; };
		D78CC1B04CAB97B8912BF085 /* Fixtures in Resources */ = {isa = PBXBuildFile; fileRef = 5B6543B440C61DC2A1BADCA0 /* Fixtures */; };
/* End PBXBuildFile section */

/* Begin PBXContainerItemProxy section */
		B734D905E4C58A6688E9A749 /* PBXContainerItemProxy */ = {
			isa = PBXContainerItemProxy;
			containerPortal = A49D03E032E9C8226E2C1C29 /* Project object */;
			proxyType = 1;
			remoteGlobalIDString = 22E79AFDABC3F5ECB220375A;
			remoteInfo = InitiatorDrone;
		};
/* End PBXContainerItemProxy section */

/* Begin PBXFileReference section */
		4E51B1F3267B6C7DFC598B19 /* ARKitBridge.swift */ = {isa = PBXFileReference; lastKnownFileType = sourcecode.swift; path = "ARKitBridge.swift"; sourceTree = "<group>"; };
		908FF1D0704325FE00E7B7DA /* ARRobotSceneView.swift */ = {isa = PBXFileReference; lastKnownFileType = sourcecode.swift; path = "ARRobotSceneView.swift"; sourceTree = "<group>"; };
		B3BF1BBB19B86E0F6B8A2CAE /* ARSessionController.swift */ = {isa = PBXFileReference; lastKnownFileType = sourcecode.swift; path = "ARSessionController.swift"; sourceTree = "<group>"; };
		CB7DA95DA9663FF2AA0226CB /* AlignmentController.swift */ = {isa = PBXFileReference; lastKnownFileType = sourcecode.swift; path = "AlignmentController.swift"; sourceTree = "<group>"; };
		D1625FBC85F54D95E95F1906 /* RobotSceneNodes.swift */ = {isa = PBXFileReference; lastKnownFileType = sourcecode.swift; path = "RobotSceneNodes.swift"; sourceTree = "<group>"; };
		C4001C34CC6276A6628CCF14 /* AppModel.swift */ = {isa = PBXFileReference; lastKnownFileType = sourcecode.swift; path = "AppModel.swift"; sourceTree = "<group>"; };
		FFF844C693F9940A0405C3B9 /* InitiatorDroneApp.swift */ = {isa = PBXFileReference; lastKnownFileType = sourcecode.swift; path = "InitiatorDroneApp.swift"; sourceTree = "<group>"; };
		C80BC4F7276FC4C542466C3A /* ClockOffsetEstimator.swift */ = {isa = PBXFileReference; lastKnownFileType = sourcecode.swift; path = "ClockOffsetEstimator.swift"; sourceTree = "<group>"; };
		2D500D96E8F11D6013910EC7 /* FrameConversion.swift */ = {isa = PBXFileReference; lastKnownFileType = sourcecode.swift; path = "FrameConversion.swift"; sourceTree = "<group>"; };
		5DBAE1A2533294A56A09DB86 /* OdometryBuffer.swift */ = {isa = PBXFileReference; lastKnownFileType = sourcecode.swift; path = "OdometryBuffer.swift"; sourceTree = "<group>"; };
		C9A5566E84D706D4D80AD92E /* OdometrySampler.swift */ = {isa = PBXFileReference; lastKnownFileType = sourcecode.swift; path = "OdometrySampler.swift"; sourceTree = "<group>"; };
		10E14CEBC453994169C968FB /* Pose.swift */ = {isa = PBXFileReference; lastKnownFileType = sourcecode.swift; path = "Pose.swift"; sourceTree = "<group>"; };
		F36F4F8CE688112161037174 /* Quaternion.swift */ = {isa = PBXFileReference; lastKnownFileType = sourcecode.swift; path = "Quaternion.swift"; sourceTree = "<group>"; };
		472E64F7F4D596801DBF4426 /* Vector3.swift */ = {isa = PBXFileReference; lastKnownFileType = sourcecode.swift; path = "Vector3.swift"; sourceTree = "<group>"; };
		9328D017B51F267DAA6488AE /* ColorRamp.swift */ = {isa = PBXFileReference; lastKnownFileType = sourcecode.swift; path = "ColorRamp.swift"; sourceTree = "<group>"; };
		FEB985DAC5F9AB2041D6AC33 /* DepthPointCloud.swift */ = {isa = PBXFileReference; lastKnownFileType = sourcecode.swift; path = "DepthPointCloud.swift"; sourceTree = "<group>"; };
		04B21F5374445D412980B224 /* PointCloudStore.swift */ = {isa = PBXFileReference; lastKnownFileType = sourcecode.swift; path = "PointCloudStore.swift"; sourceTree = "<group>"; };
		90BBC51A2D170BCD4852A2B1 /* ROSImage.swift */ = {isa = PBXFileReference; lastKnownFileType = sourcecode.swift; path = "ROSImage.swift"; sourceTree = "<group>"; };
		768F6893C764C4E87A74C731 /* ROSImageDecoder.swift */ = {isa = PBXFileReference; lastKnownFileType = sourcecode.swift; path = "ROSImageDecoder.swift"; sourceTree = "<group>"; };
		79F62D8AF56F07BD6767F7F0 /* ScalarImageRenderer.swift */ = {isa = PBXFileReference; lastKnownFileType = sourcecode.swift; path = "ScalarImageRenderer.swift"; sourceTree = "<group>"; };
		B1BE6A1D4CC5EC07D9C86EFD /* RobotEndpoint.swift */ = {isa = PBXFileReference; lastKnownFileType = sourcecode.swift; path = "RobotEndpoint.swift"; sourceTree = "<group>"; };
		9C6F8A267A1186A926D9C243 /* RobotTrackingStatus.swift */ = {isa = PBXFileReference; lastKnownFileType = sourcecode.swift; path = "RobotTrackingStatus.swift"; sourceTree = "<group>"; };
		06F7C1FC2E9290BADED414EE /* VIONodeStatus.swift */ = {isa = PBXFileReference; lastKnownFileType = sourcecode.swift; path = "VIONodeStatus.swift"; sourceTree = "<group>"; };
		8AE02956F1B43377E9927F05 /* VideoFormatSelection.swift */ = {isa = PBXFileReference; lastKnownFileType = sourcecode.swift; path = "VideoFormatSelection.swift"; sourceTree = "<group>"; };
		E6F59ABCB9F8100A8925B987 /* CBORDecoder.swift */ = {isa = PBXFileReference; lastKnownFileType = sourcecode.swift; path = "CBORDecoder.swift"; sourceTree = "<group>"; };
		6FEEDEE65154AD4435DF71F8 /* LatestOnlySlot.swift */ = {isa = PBXFileReference; lastKnownFileType = sourcecode.swift; path = "LatestOnlySlot.swift"; sourceTree = "<group>"; };
		6D886C27CE506721E667CD7C /* ROSMessages.swift */ = {isa = PBXFileReference; lastKnownFileType = sourcecode.swift; path = "ROSMessages.swift"; sourceTree = "<group>"; };
		462B0348F4D413298EA5D835 /* ROSValue.swift */ = {isa = PBXFileReference; lastKnownFileType = sourcecode.swift; path = "ROSValue.swift"; sourceTree = "<group>"; };
		9F40DFAAF154DA44E41C9ED7 /* RateTracker.swift */ = {isa = PBXFileReference; lastKnownFileType = sourcecode.swift; path = "RateTracker.swift"; sourceTree = "<group>"; };
		538487EDB92851D920D621D2 /* ReconnectPolicy.swift */ = {isa = PBXFileReference; lastKnownFileType = sourcecode.swift; path = "ReconnectPolicy.swift"; sourceTree = "<group>"; };
		47BA24E4EB5CC775A8DE6947 /* RosbridgeClient.swift */ = {isa = PBXFileReference; lastKnownFileType = sourcecode.swift; path = "RosbridgeClient.swift"; sourceTree = "<group>"; };
		C537247D80B09A1DA9DAFF1C /* RosbridgeProtocol.swift */ = {isa = PBXFileReference; lastKnownFileType = sourcecode.swift; path = "RosbridgeProtocol.swift"; sourceTree = "<group>"; };
		0C1A0839050DD47EFF85702F /* RosbridgeTransport.swift */ = {isa = PBXFileReference; lastKnownFileType = sourcecode.swift; path = "RosbridgeTransport.swift"; sourceTree = "<group>"; };
		F7EB195C0DB9FD577BF78312 /* FixtureLibrary.swift */ = {isa = PBXFileReference; lastKnownFileType = sourcecode.swift; path = "FixtureLibrary.swift"; sourceTree = "<group>"; };
		9EFD3C34DA55C387E27DF6E7 /* SimulatedRosbridgeTransport.swift */ = {isa = PBXFileReference; lastKnownFileType = sourcecode.swift; path = "SimulatedRosbridgeTransport.swift"; sourceTree = "<group>"; };
		E0558F84BBEA7D83DB07EE59 /* AppSettings.swift */ = {isa = PBXFileReference; lastKnownFileType = sourcecode.swift; path = "AppSettings.swift"; sourceTree = "<group>"; };
		B7270117979FC206EC73CCC0 /* DashboardAPI.swift */ = {isa = PBXFileReference; lastKnownFileType = sourcecode.swift; path = "DashboardAPI.swift"; sourceTree = "<group>"; };
		D3ADB79F9FC1E27C0662E5D6 /* ImageStreamPipeline.swift */ = {isa = PBXFileReference; lastKnownFileType = sourcecode.swift; path = "ImageStreamPipeline.swift"; sourceTree = "<group>"; };
		FF8E0DFA36C5B470E6BCD8EB /* RobotConnection.swift */ = {isa = PBXFileReference; lastKnownFileType = sourcecode.swift; path = "RobotConnection.swift"; sourceTree = "<group>"; };
		F2D33DBE6301C3634A08139F /* RobotStore.swift */ = {isa = PBXFileReference; lastKnownFileType = sourcecode.swift; path = "RobotStore.swift"; sourceTree = "<group>"; };
		55CA88B5A75BAAC16AE9E22F /* AlignmentSheet.swift */ = {isa = PBXFileReference; lastKnownFileType = sourcecode.swift; path = "AlignmentSheet.swift"; sourceTree = "<group>"; };
		C4314BA8EC0F737127A928A2 /* ConnectionView.swift */ = {isa = PBXFileReference; lastKnownFileType = sourcecode.swift; path = "ConnectionView.swift"; sourceTree = "<group>"; };
		ED38819F56DF9CC40D781EAB /* DiagnosticsView.swift */ = {isa = PBXFileReference; lastKnownFileType = sourcecode.swift; path = "DiagnosticsView.swift"; sourceTree = "<group>"; };
		E0EFAC773A7C992FEA7950A4 /* LiveView.swift */ = {isa = PBXFileReference; lastKnownFileType = sourcecode.swift; path = "LiveView.swift"; sourceTree = "<group>"; };
		0D363ABE227771768DF394D3 /* RootView.swift */ = {isa = PBXFileReference; lastKnownFileType = sourcecode.swift; path = "RootView.swift"; sourceTree = "<group>"; };
		6D44FA667A6DA1AAC30A3F4F /* SettingsView.swift */ = {isa = PBXFileReference; lastKnownFileType = sourcecode.swift; path = "SettingsView.swift"; sourceTree = "<group>"; };
		16C38CE2C2C9DE9543EC5408 /* SensorImageView.swift */ = {isa = PBXFileReference; lastKnownFileType = sourcecode.swift; path = "SensorImageView.swift"; sourceTree = "<group>"; };
		4B9D9F003E6D2C8A5C80BD33 /* StatusIndicators.swift */ = {isa = PBXFileReference; lastKnownFileType = sourcecode.swift; path = "StatusIndicators.swift"; sourceTree = "<group>"; };
		DDA95F162142E88FA4A50FC8 /* ConnectionTests.swift */ = {isa = PBXFileReference; lastKnownFileType = sourcecode.swift; path = "ConnectionTests.swift"; sourceTree = "<group>"; };
		79542DAA7F49BDA04124A27F /* DepthPointCloudTests.swift */ = {isa = PBXFileReference; lastKnownFileType = sourcecode.swift; path = "DepthPointCloudTests.swift"; sourceTree = "<group>"; };
		938A716762580467A4E86D55 /* GeometryTests.swift */ = {isa = PBXFileReference; lastKnownFileType = sourcecode.swift; path = "GeometryTests.swift"; sourceTree = "<group>"; };
		B719C95C567A42B30777EC22 /* ImageStreamSoakTests.swift */ = {isa = PBXFileReference; lastKnownFileType = sourcecode.swift; path = "ImageStreamSoakTests.swift"; sourceTree = "<group>"; };
		E50BC204A6868CA4DE7F0708 /* OdometryTests.swift */ = {isa = PBXFileReference; lastKnownFileType = sourcecode.swift; path = "OdometryTests.swift"; sourceTree = "<group>"; };
		7F6DE798242DD852B10565AA /* ROSImageDecoderTests.swift */ = {isa = PBXFileReference; lastKnownFileType = sourcecode.swift; path = "ROSImageDecoderTests.swift"; sourceTree = "<group>"; };
		3556214949D772F0A200F6DE /* RenderingTests.swift */ = {isa = PBXFileReference; lastKnownFileType = sourcecode.swift; path = "RenderingTests.swift"; sourceTree = "<group>"; };
		A46FB3F0C9A244D8F99316B2 /* RosbridgeTests.swift */ = {isa = PBXFileReference; lastKnownFileType = sourcecode.swift; path = "RosbridgeTests.swift"; sourceTree = "<group>"; };
		C150B7C47C3B3A6241DFAD4B /* Info.plist */ = {isa = PBXFileReference; lastKnownFileType = text.plist.xml; path = Info.plist; sourceTree = "<group>"; };
		5B6543B440C61DC2A1BADCA0 /* Fixtures */ = {isa = PBXFileReference; lastKnownFileType = folder; path = Fixtures; sourceTree = "<group>"; };
		3E9DABFA02D968B0B42CD002 /* InitiatorDrone.app */ = {isa = PBXFileReference; explicitFileType = wrapper.application; includeInIndex = 0; path = "InitiatorDrone.app"; sourceTree = BUILT_PRODUCTS_DIR; };
		CA33DACD8643877F42C9460A /* InitiatorDroneTests.xctest */ = {isa = PBXFileReference; explicitFileType = wrapper.cfbundle; includeInIndex = 0; path = "InitiatorDroneTests.xctest"; sourceTree = BUILT_PRODUCTS_DIR; };
/* End PBXFileReference section */

/* Begin PBXFrameworksBuildPhase section */
		3887A76084B48DFF01A85848 /* Frameworks */ = {
			isa = PBXFrameworksBuildPhase;
			buildActionMask = 2147483647;
			files = (
			);
			runOnlyForDeploymentPostprocessing = 0;
		};
		E56981045A24F5F29574ABBC /* Frameworks */ = {
			isa = PBXFrameworksBuildPhase;
			buildActionMask = 2147483647;
			files = (
			);
			runOnlyForDeploymentPostprocessing = 0;
		};
/* End PBXFrameworksBuildPhase section */

/* Begin PBXGroup section */
		BDF761BF998233C1D220BB73 /* AR */ = {
			isa = PBXGroup;
			children = (
				4E51B1F3267B6C7DFC598B19 /* ARKitBridge.swift */,
				908FF1D0704325FE00E7B7DA /* ARRobotSceneView.swift */,
				B3BF1BBB19B86E0F6B8A2CAE /* ARSessionController.swift */,
				CB7DA95DA9663FF2AA0226CB /* AlignmentController.swift */,
				D1625FBC85F54D95E95F1906 /* RobotSceneNodes.swift */,
			);
			path = "AR";
			sourceTree = "<group>";
		};
		12A9F894A47E2AC55D619E9F /* App */ = {
			isa = PBXGroup;
			children = (
				C4001C34CC6276A6628CCF14 /* AppModel.swift */,
				FFF844C693F9940A0405C3B9 /* InitiatorDroneApp.swift */,
			);
			path = "App";
			sourceTree = "<group>";
		};
		ECA552845617747F8CDBAA3E /* Geometry */ = {
			isa = PBXGroup;
			children = (
				C80BC4F7276FC4C542466C3A /* ClockOffsetEstimator.swift */,
				2D500D96E8F11D6013910EC7 /* FrameConversion.swift */,
				5DBAE1A2533294A56A09DB86 /* OdometryBuffer.swift */,
				C9A5566E84D706D4D80AD92E /* OdometrySampler.swift */,
				10E14CEBC453994169C968FB /* Pose.swift */,
				F36F4F8CE688112161037174 /* Quaternion.swift */,
				472E64F7F4D596801DBF4426 /* Vector3.swift */,
			);
			path = "Geometry";
			sourceTree = "<group>";
		};
		A8405C3469DB48A10904FBF4 /* Imaging */ = {
			isa = PBXGroup;
			children = (
				9328D017B51F267DAA6488AE /* ColorRamp.swift */,
				FEB985DAC5F9AB2041D6AC33 /* DepthPointCloud.swift */,
				04B21F5374445D412980B224 /* PointCloudStore.swift */,
				90BBC51A2D170BCD4852A2B1 /* ROSImage.swift */,
				768F6893C764C4E87A74C731 /* ROSImageDecoder.swift */,
				79F62D8AF56F07BD6767F7F0 /* ScalarImageRenderer.swift */,
			);
			path = "Imaging";
			sourceTree = "<group>";
		};
		7AE7BD8503AD6549BA36E39D /* Model */ = {
			isa = PBXGroup;
			children = (
				B1BE6A1D4CC5EC07D9C86EFD /* RobotEndpoint.swift */,
				9C6F8A267A1186A926D9C243 /* RobotTrackingStatus.swift */,
				06F7C1FC2E9290BADED414EE /* VIONodeStatus.swift */,
				8AE02956F1B43377E9927F05 /* VideoFormatSelection.swift */,
			);
			path = "Model";
			sourceTree = "<group>";
		};
		E7C84988768460DB2E4088D1 /* ROS */ = {
			isa = PBXGroup;
			children = (
				E6F59ABCB9F8100A8925B987 /* CBORDecoder.swift */,
				6FEEDEE65154AD4435DF71F8 /* LatestOnlySlot.swift */,
				6D886C27CE506721E667CD7C /* ROSMessages.swift */,
				462B0348F4D413298EA5D835 /* ROSValue.swift */,
				9F40DFAAF154DA44E41C9ED7 /* RateTracker.swift */,
				538487EDB92851D920D621D2 /* ReconnectPolicy.swift */,
				47BA24E4EB5CC775A8DE6947 /* RosbridgeClient.swift */,
				C537247D80B09A1DA9DAFF1C /* RosbridgeProtocol.swift */,
				0C1A0839050DD47EFF85702F /* RosbridgeTransport.swift */,
			);
			path = "ROS";
			sourceTree = "<group>";
		};
		7DCEDD7A414C0A254A2B173A /* Testing */ = {
			isa = PBXGroup;
			children = (
				F7EB195C0DB9FD577BF78312 /* FixtureLibrary.swift */,
				9EFD3C34DA55C387E27DF6E7 /* SimulatedRosbridgeTransport.swift */,
			);
			path = "Testing";
			sourceTree = "<group>";
		};
		D7E319E4C42AB70CDD0B5A52 /* Core */ = {
			isa = PBXGroup;
			children = (
				ECA552845617747F8CDBAA3E /* Geometry */,
				A8405C3469DB48A10904FBF4 /* Imaging */,
				7AE7BD8503AD6549BA36E39D /* Model */,
				E7C84988768460DB2E4088D1 /* ROS */,
				7DCEDD7A414C0A254A2B173A /* Testing */,
			);
			path = "Core";
			sourceTree = "<group>";
		};
		F20D4F573E3F4F7177AB70F3 /* Services */ = {
			isa = PBXGroup;
			children = (
				E0558F84BBEA7D83DB07EE59 /* AppSettings.swift */,
				B7270117979FC206EC73CCC0 /* DashboardAPI.swift */,
				D3ADB79F9FC1E27C0662E5D6 /* ImageStreamPipeline.swift */,
				FF8E0DFA36C5B470E6BCD8EB /* RobotConnection.swift */,
				F2D33DBE6301C3634A08139F /* RobotStore.swift */,
			);
			path = "Services";
			sourceTree = "<group>";
		};
		B621080AA68B2A70924A553B /* Components */ = {
			isa = PBXGroup;
			children = (
				16C38CE2C2C9DE9543EC5408 /* SensorImageView.swift */,
				4B9D9F003E6D2C8A5C80BD33 /* StatusIndicators.swift */,
			);
			path = "Components";
			sourceTree = "<group>";
		};
		80AEFB2251870395D05BB42F /* Views */ = {
			isa = PBXGroup;
			children = (
				B621080AA68B2A70924A553B /* Components */,
				55CA88B5A75BAAC16AE9E22F /* AlignmentSheet.swift */,
				C4314BA8EC0F737127A928A2 /* ConnectionView.swift */,
				ED38819F56DF9CC40D781EAB /* DiagnosticsView.swift */,
				E0EFAC773A7C992FEA7950A4 /* LiveView.swift */,
				0D363ABE227771768DF394D3 /* RootView.swift */,
				6D44FA667A6DA1AAC30A3F4F /* SettingsView.swift */,
			);
			path = "Views";
			sourceTree = "<group>";
		};
		541FA14289F78A9A6A0D9836 /* InitiatorDrone */ = {
			isa = PBXGroup;
			children = (
				BDF761BF998233C1D220BB73 /* AR */,
				12A9F894A47E2AC55D619E9F /* App */,
				D7E319E4C42AB70CDD0B5A52 /* Core */,
				F20D4F573E3F4F7177AB70F3 /* Services */,
				80AEFB2251870395D05BB42F /* Views */,
				525076F9AD8E607B6BE5AF7F /* Resources */,
			);
			path = "InitiatorDrone";
			sourceTree = "<group>";
		};
		EDA4FBC114B01CD3B70D0F10 /* InitiatorDroneTests */ = {
			isa = PBXGroup;
			children = (
				DDA95F162142E88FA4A50FC8 /* ConnectionTests.swift */,
				79542DAA7F49BDA04124A27F /* DepthPointCloudTests.swift */,
				938A716762580467A4E86D55 /* GeometryTests.swift */,
				B719C95C567A42B30777EC22 /* ImageStreamSoakTests.swift */,
				E50BC204A6868CA4DE7F0708 /* OdometryTests.swift */,
				7F6DE798242DD852B10565AA /* ROSImageDecoderTests.swift */,
				3556214949D772F0A200F6DE /* RenderingTests.swift */,
				A46FB3F0C9A244D8F99316B2 /* RosbridgeTests.swift */,
			);
			path = "InitiatorDroneTests";
			sourceTree = "<group>";
		};
		B7F1E9687BF5A5E69DB55AFD /* Tests */ = {
			isa = PBXGroup;
			children = (
				EDA4FBC114B01CD3B70D0F10 /* InitiatorDroneTests */,
			);
			path = "Tests";
			sourceTree = "<group>";
		};
		525076F9AD8E607B6BE5AF7F /* Resources */ = {
			isa = PBXGroup;
			children = (
				C150B7C47C3B3A6241DFAD4B /* Info.plist */,
				5B6543B440C61DC2A1BADCA0 /* Fixtures */,
			);
			path = Resources;
			sourceTree = "<group>";
		};
		0340EDC3C7C95BDC82661CB2 /* Products */ = {
			isa = PBXGroup;
			children = (
				3E9DABFA02D968B0B42CD002 /* InitiatorDrone.app */,
				CA33DACD8643877F42C9460A /* InitiatorDroneTests.xctest */,
			);
			name = Products;
			sourceTree = "<group>";
		};
		8D3FC2904BDC986822C3B4AA = {
			isa = PBXGroup;
			children = (
				541FA14289F78A9A6A0D9836 /* InitiatorDrone */,
				B7F1E9687BF5A5E69DB55AFD /* Tests */,
				0340EDC3C7C95BDC82661CB2 /* Products */,
			);
			sourceTree = "<group>";
		};
/* End PBXGroup section */

/* Begin PBXNativeTarget section */
		22E79AFDABC3F5ECB220375A /* InitiatorDrone */ = {
			isa = PBXNativeTarget;
			buildConfigurationList = 685B4C56120C9605010453A7;
			buildPhases = (
				497D69F478461CE53100E752 /* Sources */,
				3887A76084B48DFF01A85848 /* Frameworks */,
				A329982323F53ED9EE7407F0 /* Resources */,
			);
			buildRules = (
			);
			dependencies = (
			);
			name = InitiatorDrone;
			productName = InitiatorDrone;
			productReference = 3E9DABFA02D968B0B42CD002 /* InitiatorDrone.app */;
			productType = "com.apple.product-type.application";
		};
		C983E49405954542FFAA0C6A /* InitiatorDroneTests */ = {
			isa = PBXNativeTarget;
			buildConfigurationList = 84199E26B9CFFF95083490F5;
			buildPhases = (
				38BA8B173F20CC95C368CC1C /* Sources */,
				E56981045A24F5F29574ABBC /* Frameworks */,
			);
			buildRules = (
			);
			dependencies = (
				7E4FFF768C5CDBCA46984637 /* PBXTargetDependency */,
			);
			name = InitiatorDroneTests;
			productName = InitiatorDroneTests;
			productReference = CA33DACD8643877F42C9460A /* InitiatorDroneTests.xctest */;
			productType = "com.apple.product-type.bundle.unit-test";
		};
/* End PBXNativeTarget section */

/* Begin PBXProject section */
		A49D03E032E9C8226E2C1C29 /* Project object */ = {
			isa = PBXProject;
			attributes = {
				BuildIndependentTargetsInParallel = 1;
				LastSwiftUpdateCheck = 1500;
				LastUpgradeCheck = 1500;
				TargetAttributes = {
					22E79AFDABC3F5ECB220375A = {
						CreatedOnToolsVersion = 15.0;
					};
					C983E49405954542FFAA0C6A = {
						CreatedOnToolsVersion = 15.0;
						TestTargetID = 22E79AFDABC3F5ECB220375A;
					};
				};
			};
			buildConfigurationList = F93D9189200191DF84C72457;
			compatibilityVersion = "Xcode 14.0";
			developmentRegion = en;
			hasScannedForEncodings = 0;
			knownRegions = (
				en,
				Base,
			);
			mainGroup = 8D3FC2904BDC986822C3B4AA;
			productRefGroup = 0340EDC3C7C95BDC82661CB2 /* Products */;
			projectDirPath = "";
			projectRoot = "";
			targets = (
				22E79AFDABC3F5ECB220375A /* InitiatorDrone */,
				C983E49405954542FFAA0C6A /* InitiatorDroneTests */,
			);
		};
/* End PBXProject section */

/* Begin PBXResourcesBuildPhase section */
		A329982323F53ED9EE7407F0 /* Resources */ = {
			isa = PBXResourcesBuildPhase;
			buildActionMask = 2147483647;
			files = (
				D78CC1B04CAB97B8912BF085 /* Fixtures in Resources */,
			);
			runOnlyForDeploymentPostprocessing = 0;
		};
/* End PBXResourcesBuildPhase section */

/* Begin PBXSourcesBuildPhase section */
		497D69F478461CE53100E752 /* Sources */ = {
			isa = PBXSourcesBuildPhase;
			buildActionMask = 2147483647;
			files = (
				77DD11A65D8FBEC80EC8A14F /* ARKitBridge.swift in Sources */,
				593A7C999CB1E3D2DF7E79BB /* ARRobotSceneView.swift in Sources */,
				76A1D0E9E8EC54727EEE72EA /* ARSessionController.swift in Sources */,
				A1AB6A2D7BC8BC5DE60DF3EF /* AlignmentController.swift in Sources */,
				6CDA3301FB439AFCC0BDB46C /* RobotSceneNodes.swift in Sources */,
				84424993B59F7B367248BA00 /* AppModel.swift in Sources */,
				6FAA92D478534A9A94D9103E /* InitiatorDroneApp.swift in Sources */,
				FCC978A2D14F5F0ED573ED19 /* ClockOffsetEstimator.swift in Sources */,
				037D2A845566BE8B9771AA50 /* FrameConversion.swift in Sources */,
				7B4EFAACE5E7AEFD8FE70939 /* OdometryBuffer.swift in Sources */,
				57C4497F4CA5F767B845C3A0 /* OdometrySampler.swift in Sources */,
				6BA722C02FA0884FC9B94922 /* Pose.swift in Sources */,
				85D3EF58329D738860512A93 /* Quaternion.swift in Sources */,
				99E50E111C84BC5B1A8ADB1A /* Vector3.swift in Sources */,
				297EECA292846F6F48FA0848 /* ColorRamp.swift in Sources */,
				8093AA247D18C1C4BCB36AC7 /* DepthPointCloud.swift in Sources */,
				A4332BB3191741E3F1A9D4C0 /* PointCloudStore.swift in Sources */,
				BD47CD051B3F0FA1442618CF /* ROSImage.swift in Sources */,
				E5BDB6A5182B7D1F401B6D00 /* ROSImageDecoder.swift in Sources */,
				90EA97D78B3B5054FF515D6B /* ScalarImageRenderer.swift in Sources */,
				DF74EE2375433053A9896EDD /* RobotEndpoint.swift in Sources */,
				BED4E3039B7556859D0D7642 /* RobotTrackingStatus.swift in Sources */,
				09D9D0AC5E10E44045FED76C /* VIONodeStatus.swift in Sources */,
				EE1DD41688A7583F16E9FBC1 /* VideoFormatSelection.swift in Sources */,
				A7D2582C184B9FFAC5044100 /* CBORDecoder.swift in Sources */,
				878FEBECCF05648ACE99EF2F /* LatestOnlySlot.swift in Sources */,
				DB97AE0E8CF2617005E6257A /* ROSMessages.swift in Sources */,
				801726BE79C2C06BDA82FDD1 /* ROSValue.swift in Sources */,
				A859CDD297FCDEF35D411C1A /* RateTracker.swift in Sources */,
				B4BF05C283B5F85A65D1A80B /* ReconnectPolicy.swift in Sources */,
				BD776B2EC8A86C688DBF2C2C /* RosbridgeClient.swift in Sources */,
				F4CBEC867B11871B694B2AB0 /* RosbridgeProtocol.swift in Sources */,
				A32E8F3037395666A6EB6D7F /* RosbridgeTransport.swift in Sources */,
				8EBF097D79F41E6F6A0126E6 /* FixtureLibrary.swift in Sources */,
				5FA10F05B6DC8F2DDC6A2065 /* SimulatedRosbridgeTransport.swift in Sources */,
				A1884EE95F4AAD0ECB8B7A1B /* AppSettings.swift in Sources */,
				5353B7459D427DB111FC4910 /* DashboardAPI.swift in Sources */,
				5B9B9E6CD0FA17D2B934BA6B /* ImageStreamPipeline.swift in Sources */,
				B4F111780F44CB187D5C9DD6 /* RobotConnection.swift in Sources */,
				032EA16EE51EA21D590D00DE /* RobotStore.swift in Sources */,
				34B62F0B8BB11D25C726B1F2 /* AlignmentSheet.swift in Sources */,
				32211B3105652F0562600628 /* ConnectionView.swift in Sources */,
				25E37CA91CBB8DEF1D7B16AB /* DiagnosticsView.swift in Sources */,
				8728FCCC5A1F867510E4EDB1 /* LiveView.swift in Sources */,
				0F4D8759C57CCD8235851CA9 /* RootView.swift in Sources */,
				9353CC17A35C300A30CDDC15 /* SettingsView.swift in Sources */,
				6EEB47DF82A7E0F5DF6CB11E /* SensorImageView.swift in Sources */,
				BE39D6DED63FCEBCA6E0943D /* StatusIndicators.swift in Sources */,
			);
			runOnlyForDeploymentPostprocessing = 0;
		};
		38BA8B173F20CC95C368CC1C /* Sources */ = {
			isa = PBXSourcesBuildPhase;
			buildActionMask = 2147483647;
			files = (
				C101431C71FDC2E172CC913E /* ConnectionTests.swift in Sources */,
				075E19057C07C01F00AE0EA8 /* DepthPointCloudTests.swift in Sources */,
				E81CE81CC0318453898556FB /* GeometryTests.swift in Sources */,
				895501351F0D13F5F47B0C97 /* ImageStreamSoakTests.swift in Sources */,
				FF7E69B1DD8AB1AAF6F7E581 /* OdometryTests.swift in Sources */,
				3D7264810C7977642E4DD12B /* ROSImageDecoderTests.swift in Sources */,
				D29B4A65E6E8CFD9DA0C38F5 /* RenderingTests.swift in Sources */,
				779C30672946CA201A12EB80 /* RosbridgeTests.swift in Sources */,
			);
			runOnlyForDeploymentPostprocessing = 0;
		};
/* End PBXSourcesBuildPhase section */

/* Begin PBXTargetDependency section */
		7E4FFF768C5CDBCA46984637 /* PBXTargetDependency */ = {
			isa = PBXTargetDependency;
			target = 22E79AFDABC3F5ECB220375A /* InitiatorDrone */;
			targetProxy = B734D905E4C58A6688E9A749 /* PBXContainerItemProxy */;
		};
/* End PBXTargetDependency section */

/* Begin XCBuildConfiguration section */
		53BCFD95B87F444CE5BCE442 /* Debug */ = {
			isa = XCBuildConfiguration;
			buildSettings = {
				ALWAYS_SEARCH_USER_PATHS = NO;
				CLANG_ENABLE_MODULES = YES;
				CLANG_ENABLE_OBJC_ARC = YES;
				COPY_PHASE_STRIP = NO;
				DEBUG_INFORMATION_FORMAT = dwarf;
				ENABLE_STRICT_OBJC_MSGSEND = YES;
				ENABLE_TESTABILITY = YES;
				ENABLE_USER_SCRIPT_SANDBOXING = YES;
				GCC_C_LANGUAGE_STANDARD = gnu11;
				GCC_OPTIMIZATION_LEVEL = 0;
				GCC_PREPROCESSOR_DEFINITIONS = "DEBUG=1 $(inherited)";
				IPHONEOS_DEPLOYMENT_TARGET = 16.0;
				ONLY_ACTIVE_ARCH = YES;
				SDKROOT = iphoneos;
				SWIFT_ACTIVE_COMPILATION_CONDITIONS = DEBUG;
				SWIFT_EMIT_LOC_STRINGS = YES;
				SWIFT_OPTIMIZATION_LEVEL = -Onone;
				SWIFT_VERSION = 5.0;
			};
			name = Debug;
		};
		2099F6C493573CA032985BCB /* Release */ = {
			isa = XCBuildConfiguration;
			buildSettings = {
				ALWAYS_SEARCH_USER_PATHS = NO;
				CLANG_ENABLE_MODULES = YES;
				CLANG_ENABLE_OBJC_ARC = YES;
				COPY_PHASE_STRIP = NO;
				DEBUG_INFORMATION_FORMAT = "dwarf-with-dsym";
				ENABLE_NS_ASSERTIONS = NO;
				ENABLE_STRICT_OBJC_MSGSEND = YES;
				ENABLE_USER_SCRIPT_SANDBOXING = YES;
				GCC_C_LANGUAGE_STANDARD = gnu11;
				IPHONEOS_DEPLOYMENT_TARGET = 16.0;
				SDKROOT = iphoneos;
				SWIFT_COMPILATION_MODE = wholemodule;
				SWIFT_EMIT_LOC_STRINGS = YES;
				SWIFT_VERSION = 5.0;
				VALIDATE_PRODUCT = YES;
			};
			name = Release;
		};
		C26D9F4F36FD94BE10AA01BE /* Debug */ = {
			isa = XCBuildConfiguration;
			buildSettings = {
				ASSETCATALOG_COMPILER_GLOBAL_ACCENT_COLOR_NAME = AccentColor;
				CODE_SIGN_STYLE = Automatic;
				CURRENT_PROJECT_VERSION = 1;
				DEVELOPMENT_TEAM = N9HUTA2737;
				GENERATE_INFOPLIST_FILE = NO;
				INFOPLIST_FILE = InitiatorDrone/Resources/Info.plist;
				LD_RUNPATH_SEARCH_PATHS = (
					"$(inherited)",
					"@executable_path/Frameworks",
				);
				MARKETING_VERSION = 1.0;
				PRODUCT_BUNDLE_IDENTIFIER = com.ayong.initiatordrone;
				PRODUCT_NAME = "$(TARGET_NAME)";
				SWIFT_EMIT_LOC_STRINGS = YES;
				TARGETED_DEVICE_FAMILY = "1,2";
			};
			name = Debug;
		};
		59FF82BEC7463EB4E81EF7FF /* Release */ = {
			isa = XCBuildConfiguration;
			buildSettings = {
				ASSETCATALOG_COMPILER_GLOBAL_ACCENT_COLOR_NAME = AccentColor;
				CODE_SIGN_STYLE = Automatic;
				CURRENT_PROJECT_VERSION = 1;
				DEVELOPMENT_TEAM = N9HUTA2737;
				GENERATE_INFOPLIST_FILE = NO;
				INFOPLIST_FILE = InitiatorDrone/Resources/Info.plist;
				LD_RUNPATH_SEARCH_PATHS = (
					"$(inherited)",
					"@executable_path/Frameworks",
				);
				MARKETING_VERSION = 1.0;
				PRODUCT_BUNDLE_IDENTIFIER = com.ayong.initiatordrone;
				PRODUCT_NAME = "$(TARGET_NAME)";
				SWIFT_EMIT_LOC_STRINGS = YES;
				TARGETED_DEVICE_FAMILY = "1,2";
			};
			name = Release;
		};
		D5DA94D2CF3200981C70F65E /* Debug */ = {
			isa = XCBuildConfiguration;
			buildSettings = {
				BUNDLE_LOADER = "$(TEST_HOST)";
				CODE_SIGN_STYLE = Automatic;
				CURRENT_PROJECT_VERSION = 1;
				DEVELOPMENT_TEAM = N9HUTA2737;
				GENERATE_INFOPLIST_FILE = YES;
				MARKETING_VERSION = 1.0;
				PRODUCT_BUNDLE_IDENTIFIER = com.ayong.initiatordrone.tests;
				PRODUCT_NAME = "$(TARGET_NAME)";
				TARGETED_DEVICE_FAMILY = "1,2";
				TEST_HOST = "$(BUILT_PRODUCTS_DIR)/InitiatorDrone.app/$(BUNDLE_EXECUTABLE_FOLDER_PATH)/InitiatorDrone";
			};
			name = Debug;
		};
		04D4E776D77ED03027E6149D /* Release */ = {
			isa = XCBuildConfiguration;
			buildSettings = {
				BUNDLE_LOADER = "$(TEST_HOST)";
				CODE_SIGN_STYLE = Automatic;
				CURRENT_PROJECT_VERSION = 1;
				DEVELOPMENT_TEAM = N9HUTA2737;
				GENERATE_INFOPLIST_FILE = YES;
				MARKETING_VERSION = 1.0;
				PRODUCT_BUNDLE_IDENTIFIER = com.ayong.initiatordrone.tests;
				PRODUCT_NAME = "$(TARGET_NAME)";
				TARGETED_DEVICE_FAMILY = "1,2";
				TEST_HOST = "$(BUILT_PRODUCTS_DIR)/InitiatorDrone.app/$(BUNDLE_EXECUTABLE_FOLDER_PATH)/InitiatorDrone";
			};
			name = Release;
		};
/* End XCBuildConfiguration section */

/* Begin XCConfigurationList section */
		F93D9189200191DF84C72457 /* Build configuration list for PBXProject "InitiatorDrone" */ = {
			isa = XCConfigurationList;
			buildConfigurations = (
				53BCFD95B87F444CE5BCE442 /* Debug */,
				2099F6C493573CA032985BCB /* Release */,
			);
			defaultConfigurationIsVisible = 0;
			defaultConfigurationName = Release;
		};
		685B4C56120C9605010453A7 /* Build configuration list for PBXNativeTarget "InitiatorDrone" */ = {
			isa = XCConfigurationList;
			buildConfigurations = (
				C26D9F4F36FD94BE10AA01BE /* Debug */,
				59FF82BEC7463EB4E81EF7FF /* Release */,
			);
			defaultConfigurationIsVisible = 0;
			defaultConfigurationName = Release;
		};
		84199E26B9CFFF95083490F5 /* Build configuration list for PBXNativeTarget "InitiatorDroneTests" */ = {
			isa = XCConfigurationList;
			buildConfigurations = (
				D5DA94D2CF3200981C70F65E /* Debug */,
				04D4E776D77ED03027E6149D /* Release */,
			);
			defaultConfigurationIsVisible = 0;
			defaultConfigurationName = Release;
		};
/* End XCConfigurationList section */
	};
	rootObject = A49D03E032E9C8226E2C1C29 /* Project object */;
}
