// !$*UTF8*$!
{
	archiveVersion = 1;
	classes = {
	};
	objectVersion = 56;
	objects = {

/* Begin PBXBuildFile section */
		76AF56277917FA742A07E18B /* ARKitBridge.swift in Sources */ = {isa = PBXBuildFile; fileRef = 4E51B1F3267B6C7DFC598B19 /* ARKitBridge.swift */; };
		5A2B729AA2A62E58161D3712 /* ARRobotSceneView.swift in Sources */ = {isa = PBXBuildFile; fileRef = 908FF1D0704325FE00E7B7DA /* ARRobotSceneView.swift */; };
		5E1A6B3502FB0C9412747D1F /* ARSessionController.swift in Sources */ = {isa = PBXBuildFile; fileRef = B3BF1BBB19B86E0F6B8A2CAE /* ARSessionController.swift */; };
		82232A7A984D27185F4DCBD3 /* AlignmentController.swift in Sources */ = {isa = PBXBuildFile; fileRef = CB7DA95DA9663FF2AA0226CB /* AlignmentController.swift */; };
		26068FBDEE90628A7F627131 /* RobotSceneNodes.swift in Sources */ = {isa = PBXBuildFile; fileRef = D1625FBC85F54D95E95F1906 /* RobotSceneNodes.swift */; };
		7FCD337BD1D53CBA87E3EBF8 /* AppModel.swift in Sources */ = {isa = PBXBuildFile; fileRef = C4001C34CC6276A6628CCF14 /* AppModel.swift */; };
		EF4A0B0FCC5EB0BC86860FC0 /* InitiatorDroneApp.swift in Sources */ = {isa = PBXBuildFile; fileRef = FFF844C693F9940A0405C3B9 /* InitiatorDroneApp.swift */; };
		6670C7DF0F5EF893A50DB28C /* CameraExtrinsics.swift in Sources */ = {isa = PBXBuildFile; fileRef = 89EA3477F6A8E6FD38FA0D95 /* CameraExtrinsics.swift */; };
		1438B93BF08637971FF04EC4 /* ClockOffsetEstimator.swift in Sources */ = {isa = PBXBuildFile; fileRef = A4578DB4D1365990EC6A86B6 /* ClockOffsetEstimator.swift */; };
		85414560F634CF4763233718 /* FrameConversion.swift in Sources */ = {isa = PBXBuildFile; fileRef = 867208286A8A7E0566015779 /* FrameConversion.swift */; };
		4521FFCEF1A0766B15B60B0C /* OdometryBuffer.swift in Sources */ = {isa = PBXBuildFile; fileRef = 68445A4E5A34DE8A1614D266 /* OdometryBuffer.swift */; };
		3C50AFA635E53638C1924914 /* OdometrySampler.swift in Sources */ = {isa = PBXBuildFile; fileRef = 301338FF177AA58310B5BA9D /* OdometrySampler.swift */; };
		BFA226D4B36D71E2ED6CB321 /* Pose.swift in Sources */ = {isa = PBXBuildFile; fileRef = 406D297B55D71152E61D821C /* Pose.swift */; };
		742257BC245E039A8919FF18 /* Quaternion.swift in Sources */ = {isa = PBXBuildFile; fileRef = BCEC988A02229287009FE92B /* Quaternion.swift */; };
		1824E339E9435573608501E1 /* Vector3.swift in Sources */ = {isa = PBXBuildFile; fileRef = 990A6E68392ACF78D0120045 /* Vector3.swift */; };
		B0EF7AB0CB0A00855A287B8E /* ColorRamp.swift in Sources */ = {isa = PBXBuildFile; fileRef = 1950F100ADA7EF776B885A03 /* ColorRamp.swift */; };
		4C261C00D318552CB97ADB6D /* DepthPointCloud.swift in Sources */ = {isa = PBXBuildFile; fileRef = 6671EBA259630D73BD994353 /* DepthPointCloud.swift */; };
		FAE0E31B925FCD946DC19EF5 /* PointCloudStore.swift in Sources */ = {isa = PBXBuildFile; fileRef = 99F3647D0D83FB1D2C976931 /* PointCloudStore.swift */; };
		16174EEF093584A0F1E31FE1 /* ROSImage.swift in Sources */ = {isa = PBXBuildFile; fileRef = 6B19D7D159B8B5F0992EB19A /* ROSImage.swift */; };
		24C7552FC41BF976510C828C /* ROSImageDecoder.swift in Sources */ = {isa = PBXBuildFile; fileRef = EE9F44D37596A5B7D6448C17 /* ROSImageDecoder.swift */; };
		144A64BEAAE05075074E89D4 /* ScalarImageRenderer.swift in Sources */ = {isa = PBXBuildFile; fileRef = 88D25B1766A6E8531B9290B7 /* ScalarImageRenderer.swift */; };
		5F2F9BA4AD570C0E1AD65A12 /* OdomNodeStatus.swift in Sources */ = {isa = PBXBuildFile; fileRef = B3D65A39DDC04B99749D459D /* OdomNodeStatus.swift */; };
		32104BA6771E995DD3D01D31 /* RobotEndpoint.swift in Sources */ = {isa = PBXBuildFile; fileRef = 7307EFD08DCDB73ABAE3838A /* RobotEndpoint.swift */; };
		93839735B189D979606EFAF1 /* RobotTrackingStatus.swift in Sources */ = {isa = PBXBuildFile; fileRef = 0750D5E0CBCCCB6616225EDB /* RobotTrackingStatus.swift */; };
		9C3998F4E903D6CF3D7FA2D0 /* VideoFormatSelection.swift in Sources */ = {isa = PBXBuildFile; fileRef = 4C48448F20FE00779F95473A /* VideoFormatSelection.swift */; };
		5ACA2D9C1EB1152C740AC5ED /* CBORDecoder.swift in Sources */ = {isa = PBXBuildFile; fileRef = E242BB6BCA75A83648D76B47 /* CBORDecoder.swift */; };
		D631CD7386DE7171B4975599 /* LatestOnlySlot.swift in Sources */ = {isa = PBXBuildFile; fileRef = 196B9039AAE4ED62B094B911 /* LatestOnlySlot.swift */; };
		DC3549CD3E16B89E38F58F65 /* ROSMessages.swift in Sources */ = {isa = PBXBuildFile; fileRef = 36B3186E35EAD46F64343CD6 /* ROSMessages.swift */; };
		7C05BA114AB564C9C3BBBCBB /* ROSValue.swift in Sources */ = {isa = PBXBuildFile; fileRef = E851436FAFDD73E54921B1FE /* ROSValue.swift */; };
		362EA0EDFECA8D24F24F2C32 /* RateTracker.swift in Sources */ = {isa = PBXBuildFile; fileRef = 03BEA6AEE6D4CACBE41E44DA /* RateTracker.swift */; };
		D78290EB5F5BEE4FA6D1B678 /* ReconnectPolicy.swift in Sources */ = {isa = PBXBuildFile; fileRef = 46098AEC3C6B2DB7CC04B3C2 /* ReconnectPolicy.swift */; };
		C73F34B06ABECF728E40CF38 /* RosbridgeClient.swift in Sources */ = {isa = PBXBuildFile; fileRef = 284BE40050CC81F235F3CE17 /* RosbridgeClient.swift */; };
		C27193C956C6FDC4F6F69B26 /* RosbridgeProtocol.swift in Sources */ = {isa = PBXBuildFile; fileRef = 5FA3F8C093636317FD153973 /* RosbridgeProtocol.swift */; };
		6758D4A6C11B1B6935759F6E /* RosbridgeTransport.swift in Sources */ = {isa = PBXBuildFile; fileRef = 289C1F51DC4BB01A897B214B /* RosbridgeTransport.swift */; };
		4EB5BEA49FF4412E5A3A264F /* FixtureLibrary.swift in Sources */ = {isa = PBXBuildFile; fileRef = 174BA86AD326716A2C3DFF08 /* FixtureLibrary.swift */; };
		77285A24C963A7B192FAB351 /* SimulatedRosbridgeTransport.swift in Sources */ = {isa = PBXBuildFile; fileRef = 74F592C057E9BB0BD5D3D747 /* SimulatedRosbridgeTransport.swift */; };
		0735E5CF2AE4AD0CC0D26F7D /* AppSettings.swift in Sources */ = {isa = PBXBuildFile; fileRef = 85EFF67BA02E283787CCF8A8 /* AppSettings.swift */; };
		15D708FE61141019CF32DA8B /* DashboardAPI.swift in Sources */ = {isa = PBXBuildFile; fileRef = 6D8BEE5BD8CCC25470A28BF9 /* DashboardAPI.swift */; };
		D12DF84A3B930DBDAA4391BB /* ImageStreamPipeline.swift in Sources */ = {isa = PBXBuildFile; fileRef = 55E5F760DF9C9F6C73A48D8B /* ImageStreamPipeline.swift */; };
		0968ED2EDC3DE42DB0D748E0 /* RobotConnection.swift in Sources */ = {isa = PBXBuildFile; fileRef = 581B8FBC79A917B9369964B0 /* RobotConnection.swift */; };
		1DC87730825D861F96CC01E1 /* RobotStore.swift in Sources */ = {isa = PBXBuildFile; fileRef = DCEB116448423F6B2E54CD73 /* RobotStore.swift */; };
		81F56316E2443969D07B2998 /* AlignmentSheet.swift in Sources */ = {isa = PBXBuildFile; fileRef = EAF06D0369E1C49912AF2D2C /* AlignmentSheet.swift */; };
		AE12416E61528FBD8F36C454 /* ConnectionView.swift in Sources */ = {isa = PBXBuildFile; fileRef = 4BCF58885B6D43FA9F627FBF /* ConnectionView.swift */; };
		7C8C29602BD3ED101DE9D926 /* DiagnosticsView.swift in Sources */ = {isa = PBXBuildFile; fileRef = FE4EFFA07951810CE3C67EE3 /* DiagnosticsView.swift */; };
		4C701EA66B5BE02F3DCEE886 /* LiveView.swift in Sources */ = {isa = PBXBuildFile; fileRef = F5F0FDCBD040C070FCF18791 /* LiveView.swift */; };
		7B5D5246FA364E9BC0D22C74 /* RootView.swift in Sources */ = {isa = PBXBuildFile; fileRef = 8A36B7B9220C9080E37972AE /* RootView.swift */; };
		43A580F9C8D876D29007F2F3 /* SettingsView.swift in Sources */ = {isa = PBXBuildFile; fileRef = 1BCD00C133EA94E35BEB8C8B /* SettingsView.swift */; };
		44D8938B72C130FED6DC1E1E /* SensorImageView.swift in Sources */ = {isa = PBXBuildFile; fileRef = 4304232DC2CE25523BEDC9B2 /* SensorImageView.swift */; };
		C4747C1DA46F5A415757A465 /* StatusIndicators.swift in Sources */ = {isa = PBXBuildFile; fileRef = 8E525E642CB1E5FBC8B526BD /* StatusIndicators.swift */; };
		390C08BF95B60714C19EF6FF /* CameraExtrinsicsTests.swift in Sources */ = {isa = PBXBuildFile; fileRef = F4AEB1C67D60034D6418F830 /* CameraExtrinsicsTests.swift */; };
		4DC3D1869980B17EBA254E52 /* ConnectionTests.swift in Sources */ = {isa = PBXBuildFile; fileRef = 7AF02D1E03297749B454E169 /* ConnectionTests.swift */; };
		C753B4020C9F15D63707734C /* DepthPointCloudTests.swift in Sources */ = {isa = PBXBuildFile; fileRef = E5635C0B54CF1C8FF073715B /* DepthPointCloudTests.swift */; };
		56F923D78FF3ADC44CAD1FDB /* GeometryTests.swift in Sources */ = {isa = PBXBuildFile; fileRef = FE212145EF15ABF3FB260A94 /* GeometryTests.swift */; };
		CC6F180BBA833187B7491933 /* ImageStreamSoakTests.swift in Sources */ = {isa = PBXBuildFile; fileRef = 44AF84CFAE551A1C094A02A0 /* ImageStreamSoakTests.swift */; };
		768076621ED968DB62BF4322 /* OdometryTests.swift in Sources */ = {isa = PBXBuildFile; fileRef = 460097B86B3208B2CE4BE3EA /* OdometryTests.swift */; };
		942EEF6BBCB7B4C4A1CE1489 /* ROSImageDecoderTests.swift in Sources */ = {isa = PBXBuildFile; fileRef = B678432239AA4135D7B0313C /* ROSImageDecoderTests.swift */; };
		E577DC3225EA05FC57025AA1 /* RenderingTests.swift in Sources */ = {isa = PBXBuildFile; fileRef = 11BB4BFCC6C438C3C60E447F /* RenderingTests.swift */; };
		8E665534D6F3514E25FA4A49 /* RosbridgeTests.swift in Sources */ = {isa = PBXBuildFile; fileRef = 72B59EC540D20ACC6F5C7511 /* RosbridgeTests.swift */; };
		0EB39219DF82147D191B60DE /* Fixtures in Resources */ = {isa = PBXBuildFile; fileRef = 5B6543B440C61DC2A1BADCA0 /* Fixtures */; };
/* End PBXBuildFile section */

/* Begin PBXContainerItemProxy section */
		B734D905E4C58A6688E9A749 /* PBXContainerItemProxy */ = {
			isa = PBXContainerItemProxy;
			containerPortal = A49D03E032E9C8226E2C1C29 /* Project object */;
			proxyType = 1;
			remoteGlobalIDString = 22E79AFDABC3F5ECB220375A;
			remoteInfo = InitiatorDrone;
		};
/* End PBXContainerItemProxy section */

/* Begin PBXFileReference section */
		4E51B1F3267B6C7DFC598B19 /* ARKitBridge.swift */ = {isa = PBXFileReference; lastKnownFileType = sourcecode.swift; path = "ARKitBridge.swift"; sourceTree = "<group>"; };
		908FF1D0704325FE00E7B7DA /* ARRobotSceneView.swift */ = {isa = PBXFileReference; lastKnownFileType = sourcecode.swift; path = "ARRobotSceneView.swift"; sourceTree = "<group>"; };
		B3BF1BBB19B86E0F6B8A2CAE /* ARSessionController.swift */ = {isa = PBXFileReference; lastKnownFileType = sourcecode.swift; path = "ARSessionController.swift"; sourceTree = "<group>"; };
		CB7DA95DA9663FF2AA0226CB /* AlignmentController.swift */ = {isa = PBXFileReference; lastKnownFileType = sourcecode.swift; path = "AlignmentController.swift"; sourceTree = "<group>"; };
		D1625FBC85F54D95E95F1906 /* RobotSceneNodes.swift */ = {isa = PBXFileReference; lastKnownFileType = sourcecode.swift; path = "RobotSceneNodes.swift"; sourceTree = "<group>"; };
		C4001C34CC6276A6628CCF14 /* AppModel.swift */ = {isa = PBXFileReference; lastKnownFileType = sourcecode.swift; path = "AppModel.swift"; sourceTree = "<group>"; };
		FFF844C693F9940A0405C3B9 /* InitiatorDroneApp.swift */ = {isa = PBXFileReference; lastKnownFileType = sourcecode.swift; path = "InitiatorDroneApp.swift"; sourceTree = "<group>"; };
		89EA3477F6A8E6FD38FA0D95 /* CameraExtrinsics.swift */ = {isa = PBXFileReference; lastKnownFileType = sourcecode.swift; path = "CameraExtrinsics.swift"; sourceTree = "<group>"; };
		A4578DB4D1365990EC6A86B6 /* ClockOffsetEstimator.swift */ = {isa = PBXFileReference; lastKnownFileType = sourcecode.swift; path = "ClockOffsetEstimator.swift"; sourceTree = "<group>"; };
		867208286A8A7E0566015779 /* FrameConversion.swift */ = {isa = PBXFileReference; lastKnownFileType = sourcecode.swift; path = "FrameConversion.swift"; sourceTree = "<group>"; };
		68445A4E5A34DE8A1614D266 /* OdometryBuffer.swift */ = {isa = PBXFileReference; lastKnownFileType = sourcecode.swift; path = "OdometryBuffer.swift"; sourceTree = "<group>"; };
		301338FF177AA58310B5BA9D /* OdometrySampler.swift */ = {isa = PBXFileReference; lastKnownFileType = sourcecode.swift; path = "OdometrySampler.swift"; sourceTree = "<group>"; };
		406D297B55D71152E61D821C /* Pose.swift */ = {isa = PBXFileReference; lastKnownFileType = sourcecode.swift; path = "Pose.swift"; sourceTree = "<group>"; };
		BCEC988A02229287009FE92B /* Quaternion.swift */ = {isa = PBXFileReference; lastKnownFileType = sourcecode.swift; path = "Quaternion.swift"; sourceTree = "<group>"; };
		990A6E68392ACF78D0120045 /* Vector3.swift */ = {isa = PBXFileReference; lastKnownFileType = sourcecode.swift; path = "Vector3.swift"; sourceTree = "<group>"; };
		1950F100ADA7EF776B885A03 /* ColorRamp.swift */ = {isa = PBXFileReference; lastKnownFileType = sourcecode.swift; path = "ColorRamp.swift"; sourceTree = "<group>"; };
		6671EBA259630D73BD994353 /* DepthPointCloud.swift */ = {isa = PBXFileReference; lastKnownFileType = sourcecode.swift; path = "DepthPointCloud.swift"; sourceTree = "<group>"; };
		99F3647D0D83FB1D2C976931 /* PointCloudStore.swift */ = {isa = PBXFileReference; lastKnownFileType = sourcecode.swift; path = "PointCloudStore.swift"; sourceTree = "<group>"; };
		6B19D7D159B8B5F0992EB19A /* ROSImage.swift */ = {isa = PBXFileReference; lastKnownFileType = sourcecode.swift; path = "ROSImage.swift"; sourceTree = "<group>"; };
		EE9F44D37596A5B7D6448C17 /* ROSImageDecoder.swift */ = {isa = PBXFileReference; lastKnownFileType = sourcecode.swift; path = "ROSImageDecoder.swift"; sourceTree = "<group>"; };
		88D25B1766A6E8531B9290B7 /* ScalarImageRenderer.swift */ = {isa = PBXFileReference; lastKnownFileType = sourcecode.swift; path = "ScalarImageRenderer.swift"; sourceTree = "<group>"; };
		B3D65A39DDC04B99749D459D /* OdomNodeStatus.swift */ = {isa = PBXFileReference; lastKnownFileType = sourcecode.swift; path = "OdomNodeStatus.swift"; sourceTree = "<group>"; };
		7307EFD08DCDB73ABAE3838A /* RobotEndpoint.swift */ = {isa = PBXFileReference; lastKnownFileType = sourcecode.swift; path = "RobotEndpoint.swift"; sourceTree = "<group>"; };
		0750D5E0CBCCCB6616225EDB /* RobotTrackingStatus.swift */ = {isa = PBXFileReference; lastKnownFileType = sourcecode.swift; path = "RobotTrackingStatus.swift"; sourceTree = "<group>"; };
		4C48448F20FE00779F95473A /* VideoFormatSelection.swift */ = {isa = PBXFileReference; lastKnownFileType = sourcecode.swift; path = "VideoFormatSelection.swift"; sourceTree = "<group>"; };
		E242BB6BCA75A83648D76B47 /* CBORDecoder.swift */ = {isa = PBXFileReference; lastKnownFileType = sourcecode.swift; path = "CBORDecoder.swift"; sourceTree = "<group>"; };
		196B9039AAE4ED62B094B911 /* LatestOnlySlot.swift */ = {isa = PBXFileReference; lastKnownFileType = sourcecode.swift; path = "LatestOnlySlot.swift"; sourceTree = "<group>"; };
		36B3186E35EAD46F64343CD6 /* ROSMessages.swift */ = {isa = PBXFileReference; lastKnownFileType = sourcecode.swift; path = "ROSMessages.swift"; sourceTree = "<group>"; };
		E851436FAFDD73E54921B1FE /* ROSValue.swift */ = {isa = PBXFileReference; lastKnownFileType = sourcecode.swift; path = "ROSValue.swift"; sourceTree = "<group>"; };
		03BEA6AEE6D4CACBE41E44DA /* RateTracker.swift */ = {isa = PBXFileReference; lastKnownFileType = sourcecode.swift; path = "RateTracker.swift"; sourceTree = "<group>"; };
		46098AEC3C6B2DB7CC04B3C2 /* ReconnectPolicy.swift */ = {isa = PBXFileReference; lastKnownFileType = sourcecode.swift; path = "ReconnectPolicy.swift"; sourceTree = "<group>"; };
		284BE40050CC81F235F3CE17 /* RosbridgeClient.swift */ = {isa = PBXFileReference; lastKnownFileType = sourcecode.swift; path = "RosbridgeClient.swift"; sourceTree = "<group>"; };
		5FA3F8C093636317FD153973 /* RosbridgeProtocol.swift */ = {isa = PBXFileReference; lastKnownFileType = sourcecode.swift; path = "RosbridgeProtocol.swift"; sourceTree = "<group>"; };
		289C1F51DC4BB01A897B214B /* RosbridgeTransport.swift */ = {isa = PBXFileReference; lastKnownFileType = sourcecode.swift; path = "RosbridgeTransport.swift"; sourceTree = "<group>"; };
		174BA86AD326716A2C3DFF08 /* FixtureLibrary.swift */ = {isa = PBXFileReference; lastKnownFileType = sourcecode.swift; path = "FixtureLibrary.swift"; sourceTree = "<group>"; };
		74F592C057E9BB0BD5D3D747 /* SimulatedRosbridgeTransport.swift */ = {isa = PBXFileReference; lastKnownFileType = sourcecode.swift; path = "SimulatedRosbridgeTransport.swift"; sourceTree = "<group>"; };
		85EFF67BA02E283787CCF8A8 /* AppSettings.swift */ = {isa = PBXFileReference; lastKnownFileType = sourcecode.swift; path = "AppSettings.swift"; sourceTree = "<group>"; };
		6D8BEE5BD8CCC25470A28BF9 /* DashboardAPI.swift */ = {isa = PBXFileReference; lastKnownFileType = sourcecode.swift; path = "DashboardAPI.swift"; sourceTree = "<group>"; };
		55E5F760DF9C9F6C73A48D8B /* ImageStreamPipeline.swift */ = {isa = PBXFileReference; lastKnownFileType = sourcecode.swift; path = "ImageStreamPipeline.swift"; sourceTree = "<group>"; };
		581B8FBC79A917B9369964B0 /* RobotConnection.swift */ = {isa = PBXFileReference; lastKnownFileType = sourcecode.swift; path = "RobotConnection.swift"; sourceTree = "<group>"; };
		DCEB116448423F6B2E54CD73 /* RobotStore.swift */ = {isa = PBXFileReference; lastKnownFileType = sourcecode.swift; path = "RobotStore.swift"; sourceTree = "<group>"; };
		EAF06D0369E1C49912AF2D2C /* AlignmentSheet.swift */ = {isa = PBXFileReference; lastKnownFileType = sourcecode.swift; path = "AlignmentSheet.swift"; sourceTree = "<group>"; };
		4BCF58885B6D43FA9F627FBF /* ConnectionView.swift */ = {isa = PBXFileReference; lastKnownFileType = sourcecode.swift; path = "ConnectionView.swift"; sourceTree = "<group>"; };
		FE4EFFA07951810CE3C67EE3 /* DiagnosticsView.swift */ = {isa = PBXFileReference; lastKnownFileType = sourcecode.swift; path = "DiagnosticsView.swift"; sourceTree = "<group>"; };
		F5F0FDCBD040C070FCF18791 /* LiveView.swift */ = {isa = PBXFileReference; lastKnownFileType = sourcecode.swift; path = "LiveView.swift"; sourceTree = "<group>"; };
		8A36B7B9220C9080E37972AE /* RootView.swift */ = {isa = PBXFileReference; lastKnownFileType = sourcecode.swift; path = "RootView.swift"; sourceTree = "<group>"; };
		1BCD00C133EA94E35BEB8C8B /* SettingsView.swift */ = {isa = PBXFileReference; lastKnownFileType = sourcecode.swift; path = "SettingsView.swift"; sourceTree = "<group>"; };
		4304232DC2CE25523BEDC9B2 /* SensorImageView.swift */ = {isa = PBXFileReference; lastKnownFileType = sourcecode.swift; path = "SensorImageView.swift"; sourceTree = "<group>"; };
		8E525E642CB1E5FBC8B526BD /* StatusIndicators.swift */ = {isa = PBXFileReference; lastKnownFileType = sourcecode.swift; path = "StatusIndicators.swift"; sourceTree = "<group>"; };
		F4AEB1C67D60034D6418F830 /* CameraExtrinsicsTests.swift */ = {isa = PBXFileReference; lastKnownFileType = sourcecode.swift; path = "CameraExtrinsicsTests.swift"; sourceTree = "<group>"; };
		7AF02D1E03297749B454E169 /* ConnectionTests.swift */ = {isa = PBXFileReference; lastKnownFileType = sourcecode.swift; path = "ConnectionTests.swift"; sourceTree = "<group>"; };
		E5635C0B54CF1C8FF073715B /* DepthPointCloudTests.swift */ = {isa = PBXFileReference; lastKnownFileType = sourcecode.swift; path = "DepthPointCloudTests.swift"; sourceTree = "<group>"; };
		FE212145EF15ABF3FB260A94 /* GeometryTests.swift */ = {isa = PBXFileReference; lastKnownFileType = sourcecode.swift; path = "GeometryTests.swift"; sourceTree = "<group>"; };
		44AF84CFAE551A1C094A02A0 /* ImageStreamSoakTests.swift */ = {isa = PBXFileReference; lastKnownFileType = sourcecode.swift; path = "ImageStreamSoakTests.swift"; sourceTree = "<group>"; };
		460097B86B3208B2CE4BE3EA /* OdometryTests.swift */ = {isa = PBXFileReference; lastKnownFileType = sourcecode.swift; path = "OdometryTests.swift"; sourceTree = "<group>"; };
		B678432239AA4135D7B0313C /* ROSImageDecoderTests.swift */ = {isa = PBXFileReference; lastKnownFileType = sourcecode.swift; path = "ROSImageDecoderTests.swift"; sourceTree = "<group>"; };
		11BB4BFCC6C438C3C60E447F /* RenderingTests.swift */ = {isa = PBXFileReference; lastKnownFileType = sourcecode.swift; path = "RenderingTests.swift"; sourceTree = "<group>"; };
		72B59EC540D20ACC6F5C7511 /* RosbridgeTests.swift */ = {isa = PBXFileReference; lastKnownFileType = sourcecode.swift; path = "RosbridgeTests.swift"; sourceTree = "<group>"; };
		C150B7C47C3B3A6241DFAD4B /* Info.plist */ = {isa = PBXFileReference; lastKnownFileType = text.plist.xml; path = Info.plist; sourceTree = "<group>"; };
		5B6543B440C61DC2A1BADCA0 /* Fixtures */ = {isa = PBXFileReference; lastKnownFileType = folder; path = Fixtures; sourceTree = "<group>"; };
		3E9DABFA02D968B0B42CD002 /* InitiatorDrone.app */ = {isa = PBXFileReference; explicitFileType = wrapper.application; includeInIndex = 0; path = "InitiatorDrone.app"; sourceTree = BUILT_PRODUCTS_DIR; };
		CA33DACD8643877F42C9460A /* InitiatorDroneTests.xctest */ = {isa = PBXFileReference; explicitFileType = wrapper.cfbundle; includeInIndex = 0; path = "InitiatorDroneTests.xctest"; sourceTree = BUILT_PRODUCTS_DIR; };
/* End PBXFileReference section */

/* Begin PBXFrameworksBuildPhase section */
		3887A76084B48DFF01A85848 /* Frameworks */ = {
			isa = PBXFrameworksBuildPhase;
			buildActionMask = 2147483647;
			files = (
			);
			runOnlyForDeploymentPostprocessing = 0;
		};
		E56981045A24F5F29574ABBC /* Frameworks */ = {
			isa = PBXFrameworksBuildPhase;
			buildActionMask = 2147483647;
			files = (
			);
			runOnlyForDeploymentPostprocessing = 0;
		};
/* End PBXFrameworksBuildPhase section */

/* Begin PBXGroup section */
		97AD258D8DC62BC5AB618D35 /* AR */ = {
			isa = PBXGroup;
			children = (
				4E51B1F3267B6C7DFC598B19 /* ARKitBridge.swift */,
				908FF1D0704325FE00E7B7DA /* ARRobotSceneView.swift */,
				B3BF1BBB19B86E0F6B8A2CAE /* ARSessionController.swift */,
				CB7DA95DA9663FF2AA0226CB /* AlignmentController.swift */,
				D1625FBC85F54D95E95F1906 /* RobotSceneNodes.swift */,
			);
			path = "AR";
			sourceTree = "<group>";
		};
		A3BDDAB05CF2AF569EF30AC4 /* App */ = {
			isa = PBXGroup;
			children = (
				C4001C34CC6276A6628CCF14 /* AppModel.swift */,
				FFF844C693F9940A0405C3B9 /* InitiatorDroneApp.swift */,
			);
			path = "App";
			sourceTree = "<group>";
		};
		7E0869D583F270C41B98CBB8 /* Geometry */ = {
			isa = PBXGroup;
			children = (
				89EA3477F6A8E6FD38FA0D95 /* CameraExtrinsics.swift */,
				A4578DB4D1365990EC6A86B6 /* ClockOffsetEstimator.swift */,
				867208286A8A7E0566015779 /* FrameConversion.swift */,
				68445A4E5A34DE8A1614D266 /* OdometryBuffer.swift */,
				301338FF177AA58310B5BA9D /* OdometrySampler.swift */,
				406D297B55D71152E61D821C /* Pose.swift */,
				BCEC988A02229287009FE92B /* Quaternion.swift */,
				990A6E68392ACF78D0120045 /* Vector3.swift */,
			);
			path = "Geometry";
			sourceTree = "<group>";
		};
		D0E53FAFB9CECA5AA30EEFC1 /* Imaging */ = {
			isa = PBXGroup;
			children = (
				1950F100ADA7EF776B885A03 /* ColorRamp.swift */,
				6671EBA259630D73BD994353 /* DepthPointCloud.swift */,
				99F3647D0D83FB1D2C976931 /* PointCloudStore.swift */,
				6B19D7D159B8B5F0992EB19A /* ROSImage.swift */,
				EE9F44D37596A5B7D6448C17 /* ROSImageDecoder.swift */,
				88D25B1766A6E8531B9290B7 /* ScalarImageRenderer.swift */,
			);
			path = "Imaging";
			sourceTree = "<group>";
		};
		CD3C8CF192D253FD654A008A /* Model */ = {
			isa = PBXGroup;
			children = (
				B3D65A39DDC04B99749D459D /* OdomNodeStatus.swift */,
				7307EFD08DCDB73ABAE3838A /* RobotEndpoint.swift */,
				0750D5E0CBCCCB6616225EDB /* RobotTrackingStatus.swift */,
				4C48448F20FE00779F95473A /* VideoFormatSelection.swift */,
			);
			path = "Model";
			sourceTree = "<group>";
		};
		CFEE5F625D74F3D14A97DF36 /* ROS */ = {
			isa = PBXGroup;
			children = (
				E242BB6BCA75A83648D76B47 /* CBORDecoder.swift */,
				196B9039AAE4ED62B094B911 /* LatestOnlySlot.swift */,
				36B3186E35EAD46F64343CD6 /* ROSMessages.swift */,
				E851436FAFDD73E54921B1FE /* ROSValue.swift */,
				03BEA6AEE6D4CACBE41E44DA /* RateTracker.swift */,
				46098AEC3C6B2DB7CC04B3C2 /* ReconnectPolicy.swift */,
				284BE40050CC81F235F3CE17 /* RosbridgeClient.swift */,
				5FA3F8C093636317FD153973 /* RosbridgeProtocol.swift */,
				289C1F51DC4BB01A897B214B /* RosbridgeTransport.swift */,
			);
			path = "ROS";
			sourceTree = "<group>";
		};
		4B63DC36919ADDC5032677FD /* Testing */ = {
			isa = PBXGroup;
			children = (
				174BA86AD326716A2C3DFF08 /* FixtureLibrary.swift */,
				74F592C057E9BB0BD5D3D747 /* SimulatedRosbridgeTransport.swift */,
			);
			path = "Testing";
			sourceTree = "<group>";
		};
		D76298C142BA3982E3D1E269 /* Core */ = {
			isa = PBXGroup;
			children = (
				7E0869D583F270C41B98CBB8 /* Geometry */,
				D0E53FAFB9CECA5AA30EEFC1 /* Imaging */,
				CD3C8CF192D253FD654A008A /* Model */,
				CFEE5F625D74F3D14A97DF36 /* ROS */,
				4B63DC36919ADDC5032677FD /* Testing */,
			);
			path = "Core";
			sourceTree = "<group>";
		};
		CE0281188807467FAF674C45 /* Services */ = {
			isa = PBXGroup;
			children = (
				85EFF67BA02E283787CCF8A8 /* AppSettings.swift */,
				6D8BEE5BD8CCC25470A28BF9 /* DashboardAPI.swift */,
				55E5F760DF9C9F6C73A48D8B /* ImageStreamPipeline.swift */,
				581B8FBC79A917B9369964B0 /* RobotConnection.swift */,
				DCEB116448423F6B2E54CD73 /* RobotStore.swift */,
			);
			path = "Services";
			sourceTree = "<group>";
		};
		67166A679FE1E672497E1654 /* Components */ = {
			isa = PBXGroup;
			children = (
				4304232DC2CE25523BEDC9B2 /* SensorImageView.swift */,
				8E525E642CB1E5FBC8B526BD /* StatusIndicators.swift */,
			);
			path = "Components";
			sourceTree = "<group>";
		};
		DED6E0A1AA2E61D8902789F1 /* Views */ = {
			isa = PBXGroup;
			children = (
				67166A679FE1E672497E1654 /* Components */,
				EAF06D0369E1C49912AF2D2C /* AlignmentSheet.swift */,
				4BCF58885B6D43FA9F627FBF /* ConnectionView.swift */,
				FE4EFFA07951810CE3C67EE3 /* DiagnosticsView.swift */,
				F5F0FDCBD040C070FCF18791 /* LiveView.swift */,
				8A36B7B9220C9080E37972AE /* RootView.swift */,
				1BCD00C133EA94E35BEB8C8B /* SettingsView.swift */,
			);
			path = "Views";
			sourceTree = "<group>";
		};
		108600ECB3E0B5B0753382A2 /* InitiatorDrone */ = {
			isa = PBXGroup;
			children = (
				97AD258D8DC62BC5AB618D35 /* AR */,
				A3BDDAB05CF2AF569EF30AC4 /* App */,
				D76298C142BA3982E3D1E269 /* Core */,
				CE0281188807467FAF674C45 /* Services */,
				DED6E0A1AA2E61D8902789F1 /* Views */,
				6D5B0687E1A6FC75F7B0A862 /* Resources */,
			);
			path = "InitiatorDrone";
			sourceTree = "<group>";
		};
		3F5D9DF70B35D7E0EC15D9F3 /* InitiatorDroneTests */ = {
			isa = PBXGroup;
			children = (
				F4AEB1C67D60034D6418F830 /* CameraExtrinsicsTests.swift */,
				7AF02D1E03297749B454E169 /* ConnectionTests.swift */,
				E5635C0B54CF1C8FF073715B /* DepthPointCloudTests.swift */,
				FE212145EF15ABF3FB260A94 /* GeometryTests.swift */,
				44AF84CFAE551A1C094A02A0 /* ImageStreamSoakTests.swift */,
				460097B86B3208B2CE4BE3EA /* OdometryTests.swift */,
				B678432239AA4135D7B0313C /* ROSImageDecoderTests.swift */,
				11BB4BFCC6C438C3C60E447F /* RenderingTests.swift */,
				72B59EC540D20ACC6F5C7511 /* RosbridgeTests.swift */,
			);
			path = "InitiatorDroneTests";
			sourceTree = "<group>";
		};
		845E24BD37C14A2BC289A1CC /* Tests */ = {
			isa = PBXGroup;
			children = (
				3F5D9DF70B35D7E0EC15D9F3 /* InitiatorDroneTests */,
			);
			path = "Tests";
			sourceTree = "<group>";
		};
		6D5B0687E1A6FC75F7B0A862 /* Resources */ = {
			isa = PBXGroup;
			children = (
				C150B7C47C3B3A6241DFAD4B /* Info.plist */,
				5B6543B440C61DC2A1BADCA0 /* Fixtures */,
			);
			path = Resources;
			sourceTree = "<group>";
		};
		0340EDC3C7C95BDC82661CB2 /* Products */ = {
			isa = PBXGroup;
			children = (
				3E9DABFA02D968B0B42CD002 /* InitiatorDrone.app */,
				CA33DACD8643877F42C9460A /* InitiatorDroneTests.xctest */,
			);
			name = Products;
			sourceTree = "<group>";
		};
		8D3FC2904BDC986822C3B4AA = {
			isa = PBXGroup;
			children = (
				108600ECB3E0B5B0753382A2 /* InitiatorDrone */,
				845E24BD37C14A2BC289A1CC /* Tests */,
				0340EDC3C7C95BDC82661CB2 /* Products */,
			);
			sourceTree = "<group>";
		};
/* End PBXGroup section */

/* Begin PBXNativeTarget section */
		22E79AFDABC3F5ECB220375A /* InitiatorDrone */ = {
			isa = PBXNativeTarget;
			buildConfigurationList = 685B4C56120C9605010453A7;
			buildPhases = (
				497D69F478461CE53100E752 /* Sources */,
				3887A76084B48DFF01A85848 /* Frameworks */,
				A329982323F53ED9EE7407F0 /* Resources */,
			);
			buildRules = (
			);
			dependencies = (
			);
			name = InitiatorDrone;
			productName = InitiatorDrone;
			productReference = 3E9DABFA02D968B0B42CD002 /* InitiatorDrone.app */;
			productType = "com.apple.product-type.application";
		};
		C983E49405954542FFAA0C6A /* InitiatorDroneTests */ = {
			isa = PBXNativeTarget;
			buildConfigurationList = 84199E26B9CFFF95083490F5;
			buildPhases = (
				38BA8B173F20CC95C368CC1C /* Sources */,
				E56981045A24F5F29574ABBC /* Frameworks */,
			);
			buildRules = (
			);
			dependencies = (
				7E4FFF768C5CDBCA46984637 /* PBXTargetDependency */,
			);
			name = InitiatorDroneTests;
			productName = InitiatorDroneTests;
			productReference = CA33DACD8643877F42C9460A /* InitiatorDroneTests.xctest */;
			productType = "com.apple.product-type.bundle.unit-test";
		};
/* End PBXNativeTarget section */

/* Begin PBXProject section */
		A49D03E032E9C8226E2C1C29 /* Project object */ = {
			isa = PBXProject;
			attributes = {
				BuildIndependentTargetsInParallel = 1;
				LastSwiftUpdateCheck = 1500;
				LastUpgradeCheck = 1500;
				TargetAttributes = {
					22E79AFDABC3F5ECB220375A = {
						CreatedOnToolsVersion = 15.0;
					};
					C983E49405954542FFAA0C6A = {
						CreatedOnToolsVersion = 15.0;
						TestTargetID = 22E79AFDABC3F5ECB220375A;
					};
				};
			};
			buildConfigurationList = F93D9189200191DF84C72457;
			compatibilityVersion = "Xcode 14.0";
			developmentRegion = en;
			hasScannedForEncodings = 0;
			knownRegions = (
				en,
				Base,
			);
			mainGroup = 8D3FC2904BDC986822C3B4AA;
			productRefGroup = 0340EDC3C7C95BDC82661CB2 /* Products */;
			projectDirPath = "";
			projectRoot = "";
			targets = (
				22E79AFDABC3F5ECB220375A /* InitiatorDrone */,
				C983E49405954542FFAA0C6A /* InitiatorDroneTests */,
			);
		};
/* End PBXProject section */

/* Begin PBXResourcesBuildPhase section */
		A329982323F53ED9EE7407F0 /* Resources */ = {
			isa = PBXResourcesBuildPhase;
			buildActionMask = 2147483647;
			files = (
				0EB39219DF82147D191B60DE /* Fixtures in Resources */,
			);
			runOnlyForDeploymentPostprocessing = 0;
		};
/* End PBXResourcesBuildPhase section */

/* Begin PBXSourcesBuildPhase section */
		497D69F478461CE53100E752 /* Sources */ = {
			isa = PBXSourcesBuildPhase;
			buildActionMask = 2147483647;
			files = (
				76AF56277917FA742A07E18B /* ARKitBridge.swift in Sources */,
				5A2B729AA2A62E58161D3712 /* ARRobotSceneView.swift in Sources */,
				5E1A6B3502FB0C9412747D1F /* ARSessionController.swift in Sources */,
				82232A7A984D27185F4DCBD3 /* AlignmentController.swift in Sources */,
				26068FBDEE90628A7F627131 /* RobotSceneNodes.swift in Sources */,
				7FCD337BD1D53CBA87E3EBF8 /* AppModel.swift in Sources */,
				EF4A0B0FCC5EB0BC86860FC0 /* InitiatorDroneApp.swift in Sources */,
				6670C7DF0F5EF893A50DB28C /* CameraExtrinsics.swift in Sources */,
				1438B93BF08637971FF04EC4 /* ClockOffsetEstimator.swift in Sources */,
				85414560F634CF4763233718 /* FrameConversion.swift in Sources */,
				4521FFCEF1A0766B15B60B0C /* OdometryBuffer.swift in Sources */,
				3C50AFA635E53638C1924914 /* OdometrySampler.swift in Sources */,
				BFA226D4B36D71E2ED6CB321 /* Pose.swift in Sources */,
				742257BC245E039A8919FF18 /* Quaternion.swift in Sources */,
				1824E339E9435573608501E1 /* Vector3.swift in Sources */,
				B0EF7AB0CB0A00855A287B8E /* ColorRamp.swift in Sources */,
				4C261C00D318552CB97ADB6D /* DepthPointCloud.swift in Sources */,
				FAE0E31B925FCD946DC19EF5 /* PointCloudStore.swift in Sources */,
				16174EEF093584A0F1E31FE1 /* ROSImage.swift in Sources */,
				24C7552FC41BF976510C828C /* ROSImageDecoder.swift in Sources */,
				144A64BEAAE05075074E89D4 /* ScalarImageRenderer.swift in Sources */,
				5F2F9BA4AD570C0E1AD65A12 /* OdomNodeStatus.swift in Sources */,
				32104BA6771E995DD3D01D31 /* RobotEndpoint.swift in Sources */,
				93839735B189D979606EFAF1 /* RobotTrackingStatus.swift in Sources */,
				9C3998F4E903D6CF3D7FA2D0 /* VideoFormatSelection.swift in Sources */,
				5ACA2D9C1EB1152C740AC5ED /* CBORDecoder.swift in Sources */,
				D631CD7386DE7171B4975599 /* LatestOnlySlot.swift in Sources */,
				DC3549CD3E16B89E38F58F65 /* ROSMessages.swift in Sources */,
				7C05BA114AB564C9C3BBBCBB /* ROSValue.swift in Sources */,
				362EA0EDFECA8D24F24F2C32 /* RateTracker.swift in Sources */,
				D78290EB5F5BEE4FA6D1B678 /* ReconnectPolicy.swift in Sources */,
				C73F34B06ABECF728E40CF38 /* RosbridgeClient.swift in Sources */,
				C27193C956C6FDC4F6F69B26 /* RosbridgeProtocol.swift in Sources */,
				6758D4A6C11B1B6935759F6E /* RosbridgeTransport.swift in Sources */,
				4EB5BEA49FF4412E5A3A264F /* FixtureLibrary.swift in Sources */,
				77285A24C963A7B192FAB351 /* SimulatedRosbridgeTransport.swift in Sources */,
				0735E5CF2AE4AD0CC0D26F7D /* AppSettings.swift in Sources */,
				15D708FE61141019CF32DA8B /* DashboardAPI.swift in Sources */,
				D12DF84A3B930DBDAA4391BB /* ImageStreamPipeline.swift in Sources */,
				0968ED2EDC3DE42DB0D748E0 /* RobotConnection.swift in Sources */,
				1DC87730825D861F96CC01E1 /* RobotStore.swift in Sources */,
				81F56316E2443969D07B2998 /* AlignmentSheet.swift in Sources */,
				AE12416E61528FBD8F36C454 /* ConnectionView.swift in Sources */,
				7C8C29602BD3ED101DE9D926 /* DiagnosticsView.swift in Sources */,
				4C701EA66B5BE02F3DCEE886 /* LiveView.swift in Sources */,
				7B5D5246FA364E9BC0D22C74 /* RootView.swift in Sources */,
				43A580F9C8D876D29007F2F3 /* SettingsView.swift in Sources */,
				44D8938B72C130FED6DC1E1E /* SensorImageView.swift in Sources */,
				C4747C1DA46F5A415757A465 /* StatusIndicators.swift in Sources */,
			);
			runOnlyForDeploymentPostprocessing = 0;
		};
		38BA8B173F20CC95C368CC1C /* Sources */ = {
			isa = PBXSourcesBuildPhase;
			buildActionMask = 2147483647;
			files = (
				390C08BF95B60714C19EF6FF /* CameraExtrinsicsTests.swift in Sources */,
				4DC3D1869980B17EBA254E52 /* ConnectionTests.swift in Sources */,
				C753B4020C9F15D63707734C /* DepthPointCloudTests.swift in Sources */,
				56F923D78FF3ADC44CAD1FDB /* GeometryTests.swift in Sources */,
				CC6F180BBA833187B7491933 /* ImageStreamSoakTests.swift in Sources */,
				768076621ED968DB62BF4322 /* OdometryTests.swift in Sources */,
				942EEF6BBCB7B4C4A1CE1489 /* ROSImageDecoderTests.swift in Sources */,
				E577DC3225EA05FC57025AA1 /* RenderingTests.swift in Sources */,
				8E665534D6F3514E25FA4A49 /* RosbridgeTests.swift in Sources */,
			);
			runOnlyForDeploymentPostprocessing = 0;
		};
/* End PBXSourcesBuildPhase section */

/* Begin PBXTargetDependency section */
		7E4FFF768C5CDBCA46984637 /* PBXTargetDependency */ = {
			isa = PBXTargetDependency;
			target = 22E79AFDABC3F5ECB220375A /* InitiatorDrone */;
			targetProxy = B734D905E4C58A6688E9A749 /* PBXContainerItemProxy */;
		};
/* End PBXTargetDependency section */

/* Begin XCBuildConfiguration section */
		53BCFD95B87F444CE5BCE442 /* Debug */ = {
			isa = XCBuildConfiguration;
			buildSettings = {
				ALWAYS_SEARCH_USER_PATHS = NO;
				CLANG_ENABLE_MODULES = YES;
				CLANG_ENABLE_OBJC_ARC = YES;
				COPY_PHASE_STRIP = NO;
				DEBUG_INFORMATION_FORMAT = dwarf;
				ENABLE_STRICT_OBJC_MSGSEND = YES;
				ENABLE_TESTABILITY = YES;
				ENABLE_USER_SCRIPT_SANDBOXING = YES;
				GCC_C_LANGUAGE_STANDARD = gnu11;
				GCC_OPTIMIZATION_LEVEL = 0;
				GCC_PREPROCESSOR_DEFINITIONS = "DEBUG=1 $(inherited)";
				IPHONEOS_DEPLOYMENT_TARGET = 16.0;
				ONLY_ACTIVE_ARCH = YES;
				SDKROOT = iphoneos;
				SWIFT_ACTIVE_COMPILATION_CONDITIONS = DEBUG;
				SWIFT_EMIT_LOC_STRINGS = YES;
				SWIFT_OPTIMIZATION_LEVEL = -Onone;
				SWIFT_VERSION = 5.0;
			};
			name = Debug;
		};
		2099F6C493573CA032985BCB /* Release */ = {
			isa = XCBuildConfiguration;
			buildSettings = {
				ALWAYS_SEARCH_USER_PATHS = NO;
				CLANG_ENABLE_MODULES = YES;
				CLANG_ENABLE_OBJC_ARC = YES;
				COPY_PHASE_STRIP = NO;
				DEBUG_INFORMATION_FORMAT = "dwarf-with-dsym";
				ENABLE_NS_ASSERTIONS = NO;
				ENABLE_STRICT_OBJC_MSGSEND = YES;
				ENABLE_USER_SCRIPT_SANDBOXING = YES;
				GCC_C_LANGUAGE_STANDARD = gnu11;
				IPHONEOS_DEPLOYMENT_TARGET = 16.0;
				SDKROOT = iphoneos;
				SWIFT_COMPILATION_MODE = wholemodule;
				SWIFT_EMIT_LOC_STRINGS = YES;
				SWIFT_VERSION = 5.0;
				VALIDATE_PRODUCT = YES;
			};
			name = Release;
		};
		C26D9F4F36FD94BE10AA01BE /* Debug */ = {
			isa = XCBuildConfiguration;
			buildSettings = {
				ASSETCATALOG_COMPILER_GLOBAL_ACCENT_COLOR_NAME = AccentColor;
				CODE_SIGN_STYLE = Automatic;
				CURRENT_PROJECT_VERSION = 1;
				DEVELOPMENT_TEAM = N9HUTA2737;
				GENERATE_INFOPLIST_FILE = NO;
				INFOPLIST_FILE = InitiatorDrone/Resources/Info.plist;
				LD_RUNPATH_SEARCH_PATHS = (
					"$(inherited)",
					"@executable_path/Frameworks",
				);
				MARKETING_VERSION = 1.0;
				PRODUCT_BUNDLE_IDENTIFIER = com.ayong.initiatordrone;
				PRODUCT_NAME = "$(TARGET_NAME)";
				SWIFT_EMIT_LOC_STRINGS = YES;
				TARGETED_DEVICE_FAMILY = "1,2";
			};
			name = Debug;
		};
		59FF82BEC7463EB4E81EF7FF /* Release */ = {
			isa = XCBuildConfiguration;
			buildSettings = {
				ASSETCATALOG_COMPILER_GLOBAL_ACCENT_COLOR_NAME = AccentColor;
				CODE_SIGN_STYLE = Automatic;
				CURRENT_PROJECT_VERSION = 1;
				DEVELOPMENT_TEAM = N9HUTA2737;
				GENERATE_INFOPLIST_FILE = NO;
				INFOPLIST_FILE = InitiatorDrone/Resources/Info.plist;
				LD_RUNPATH_SEARCH_PATHS = (
					"$(inherited)",
					"@executable_path/Frameworks",
				);
				MARKETING_VERSION = 1.0;
				PRODUCT_BUNDLE_IDENTIFIER = com.ayong.initiatordrone;
				PRODUCT_NAME = "$(TARGET_NAME)";
				SWIFT_EMIT_LOC_STRINGS = YES;
				TARGETED_DEVICE_FAMILY = "1,2";
			};
			name = Release;
		};
		D5DA94D2CF3200981C70F65E /* Debug */ = {
			isa = XCBuildConfiguration;
			buildSettings = {
				BUNDLE_LOADER = "$(TEST_HOST)";
				CODE_SIGN_STYLE = Automatic;
				CURRENT_PROJECT_VERSION = 1;
				DEVELOPMENT_TEAM = N9HUTA2737;
				GENERATE_INFOPLIST_FILE = YES;
				MARKETING_VERSION = 1.0;
				PRODUCT_BUNDLE_IDENTIFIER = com.ayong.initiatordrone.tests;
				PRODUCT_NAME = "$(TARGET_NAME)";
				TARGETED_DEVICE_FAMILY = "1,2";
				TEST_HOST = "$(BUILT_PRODUCTS_DIR)/InitiatorDrone.app/$(BUNDLE_EXECUTABLE_FOLDER_PATH)/InitiatorDrone";
			};
			name = Debug;
		};
		04D4E776D77ED03027E6149D /* Release */ = {
			isa = XCBuildConfiguration;
			buildSettings = {
				BUNDLE_LOADER = "$(TEST_HOST)";
				CODE_SIGN_STYLE = Automatic;
				CURRENT_PROJECT_VERSION = 1;
				DEVELOPMENT_TEAM = N9HUTA2737;
				GENERATE_INFOPLIST_FILE = YES;
				MARKETING_VERSION = 1.0;
				PRODUCT_BUNDLE_IDENTIFIER = com.ayong.initiatordrone.tests;
				PRODUCT_NAME = "$(TARGET_NAME)";
				TARGETED_DEVICE_FAMILY = "1,2";
				TEST_HOST = "$(BUILT_PRODUCTS_DIR)/InitiatorDrone.app/$(BUNDLE_EXECUTABLE_FOLDER_PATH)/InitiatorDrone";
			};
			name = Release;
		};
/* End XCBuildConfiguration section */

/* Begin XCConfigurationList section */
		F93D9189200191DF84C72457 /* Build configuration list for PBXProject "InitiatorDrone" */ = {
			isa = XCConfigurationList;
			buildConfigurations = (
				53BCFD95B87F444CE5BCE442 /* Debug */,
				2099F6C493573CA032985BCB /* Release */,
			);
			defaultConfigurationIsVisible = 0;
			defaultConfigurationName = Release;
		};
		685B4C56120C9605010453A7 /* Build configuration list for PBXNativeTarget "InitiatorDrone" */ = {
			isa = XCConfigurationList;
			buildConfigurations = (
				C26D9F4F36FD94BE10AA01BE /* Debug */,
				59FF82BEC7463EB4E81EF7FF /* Release */,
			);
			defaultConfigurationIsVisible = 0;
			defaultConfigurationName = Release;
		};
		84199E26B9CFFF95083490F5 /* Build configuration list for PBXNativeTarget "InitiatorDroneTests" */ = {
			isa = XCConfigurationList;
			buildConfigurations = (
				D5DA94D2CF3200981C70F65E /* Debug */,
				04D4E776D77ED03027E6149D /* Release */,
			);
			defaultConfigurationIsVisible = 0;
			defaultConfigurationName = Release;
		};
/* End XCConfigurationList section */
	};
	rootObject = A49D03E032E9C8226E2C1C29 /* Project object */;
}
